--- macgpsbabel/MacGPSBabel.pbproj/project.pbxproj.orig	Mon Feb  7 19:28:50 2005
+++ macgpsbabel/MacGPSBabel.pbproj/project.pbxproj	Mon Feb  7 19:30:13 2005
@@ -193,7 +193,7 @@
 		29B97319FDCFA39411CA2CEA = {
 			isa = PBXFileReference;
 			lastKnownFileType = wrapper.nib;
-			path = MainMenu.nib;
+			path = English.lproj/MainMenu.nib;
 			refType = 4;
 			sourceTree = "<group>";
 		};
@@ -452,7 +452,7 @@
 		F514A08D05A6164F01A80064 = {
 			isa = PBXFileReference;
 			lastKnownFileType = "compiled.mach-o.executable";
-			path = gpsbabel;
+			path = ../gpsbabel;
 			refType = 4;
 			sourceTree = "<group>";
 		};
