// !$*UTF8*$!
{
	archiveVersion = 1;
	classes = {
	};
	objectVersion = 42;
	objects = {

/* Begin PBXBuildFile section */
		013F408207BC232100E8EAB9 /* CoreFoundation.framework in Frameworks */ = {isa = PBXBuildFile; fileRef = 013F408007BC232100E8EAB9 /* CoreFoundation.framework */; };
		013F408507BC235A00E8EAB9 /* xattr.c in Sources */ = {isa = PBXBuildFile; fileRef = 013F408407BC235A00E8EAB9 /* xattr.c */; };
		013F408607BC237600E8EAB9 /* XAUtilities.c in Sources */ = {isa = PBXBuildFile; fileRef = 013F405D07BC222200E8EAB9 /* XAUtilities.c */; };
		013F408707BC237600E8EAB9 /* XARemoveOperation.c in Sources */ = {isa = PBXBuildFile; fileRef = 01184A1807BBE23600945086 /* XARemoveOperation.c */; };
		013F408807BC237600E8EAB9 /* XASetOperation.c in Sources */ = {isa = PBXBuildFile; fileRef = 01184A1407BBE21D00945086 /* XASetOperation.c */; };
		013F408907BC237600E8EAB9 /* XAListOperation.c in Sources */ = {isa = PBXBuildFile; fileRef = 01184A1007BBE20100945086 /* XAListOperation.c */; };
		013F408A07BC237600E8EAB9 /* XAOperation.c in Sources */ = {isa = PBXBuildFile; fileRef = 011849ED07BBDBE900945086 /* XAOperation.c */; };
		013F408B07BC237600E8EAB9 /* XARuntime.c in Sources */ = {isa = PBXBuildFile; fileRef = 0118494907BB063600945086 /* XARuntime.c */; };
		013F408C07BC237600E8EAB9 /* XAAttribute.c in Sources */ = {isa = PBXBuildFile; fileRef = 0118494507BB062900945086 /* XAAttribute.c */; };
		013F408D07BC237600E8EAB9 /* XAFile.c in Sources */ = {isa = PBXBuildFile; fileRef = 0118494107BB060F00945086 /* XAFile.c */; };
		013F409507BC243F00E8EAB9 /* XAJob.c in Sources */ = {isa = PBXBuildFile; fileRef = 013F409407BC243F00E8EAB9 /* XAJob.c */; };
		017D6441080CDE8400178925 /* XAGetOperation.c in Sources */ = {isa = PBXBuildFile; fileRef = 017D6440080CDE8400178925 /* XAGetOperation.c */; };
/* End PBXBuildFile section */

/* Begin PBXFileReference section */
		0118493E07BB05EC00945086 /* CFRuntime.h */ = {isa = PBXFileReference; fileEncoding = 4; lastKnownFileType = sourcecode.c.h; path = CFRuntime.h; sourceTree = "<group>"; };
		0118494007BB060F00945086 /* XAFile.h */ = {isa = PBXFileReference; fileEncoding = 4; lastKnownFileType = sourcecode.c.h; path = XAFile.h; sourceTree = "<group>"; };
		0118494107BB060F00945086 /* XAFile.c */ = {isa = PBXFileReference; fileEncoding = 4; lastKnownFileType = sourcecode.c.c; path = XAFile.c; sourceTree = "<group>"; };
		0118494407BB062900945086 /* XAAttribute.h */ = {isa = PBXFileReference; fileEncoding = 4; lastKnownFileType = sourcecode.c.h; path = XAAttribute.h; sourceTree = "<group>"; };
		0118494507BB062900945086 /* XAAttribute.c */ = {isa = PBXFileReference; fileEncoding = 4; lastKnownFileType = sourcecode.c.c; path = XAAttribute.c; sourceTree = "<group>"; };
		0118494807BB063600945086 /* XARuntime.h */ = {isa = PBXFileReference; fileEncoding = 4; lastKnownFileType = sourcecode.c.h; path = XARuntime.h; sourceTree = "<group>"; };
		0118494907BB063600945086 /* XARuntime.c */ = {isa = PBXFileReference; fileEncoding = 4; lastKnownFileType = sourcecode.c.c; path = XARuntime.c; sourceTree = "<group>"; };
		0118494C07BB064900945086 /* XATypes.h */ = {isa = PBXFileReference; fileEncoding = 4; lastKnownFileType = sourcecode.c.h; path = XATypes.h; sourceTree = "<group>"; };
		011849DE07BBA62F00945086 /* xattr.h */ = {isa = PBXFileReference; fileEncoding = 4; lastKnownFileType = sourcecode.c.h; path = xattr.h; sourceTree = "<group>"; };
		011849EA07BBDBD800945086 /* XAOperationInternal.h */ = {isa = PBXFileReference; fileEncoding = 4; lastKnownFileType = sourcecode.c.h; path = XAOperationInternal.h; sourceTree = "<group>"; };
		011849EC07BBDBE900945086 /* XAOperation.h */ = {isa = PBXFileReference; fileEncoding = 4; lastKnownFileType = sourcecode.c.h; path = XAOperation.h; sourceTree = "<group>"; };
		011849ED07BBDBE900945086 /* XAOperation.c */ = {isa = PBXFileReference; fileEncoding = 4; lastKnownFileType = sourcecode.c.c; path = XAOperation.c; sourceTree = "<group>"; };
		01184A0F07BBE20100945086 /* XAListOperation.h */ = {isa = PBXFileReference; fileEncoding = 4; lastKnownFileType = sourcecode.c.h; path = XAListOperation.h; sourceTree = "<group>"; };
		01184A1007BBE20100945086 /* XAListOperation.c */ = {isa = PBXFileReference; fileEncoding = 4; lastKnownFileType = sourcecode.c.c; path = XAListOperation.c; sourceTree = "<group>"; };
		01184A1307BBE21D00945086 /* XASetOperation.h */ = {isa = PBXFileReference; fileEncoding = 4; lastKnownFileType = sourcecode.c.h; path = XASetOperation.h; sourceTree = "<group>"; };
		01184A1407BBE21D00945086 /* XASetOperation.c */ = {isa = PBXFileReference; fileEncoding = 4; lastKnownFileType = sourcecode.c.c; path = XASetOperation.c; sourceTree = "<group>"; };
		01184A1707BBE23600945086 /* XARemoveOperation.h */ = {isa = PBXFileReference; fileEncoding = 4; lastKnownFileType = sourcecode.c.h; path = XARemoveOperation.h; sourceTree = "<group>"; };
		01184A1807BBE23600945086 /* XARemoveOperation.c */ = {isa = PBXFileReference; fileEncoding = 4; lastKnownFileType = sourcecode.c.c; path = XARemoveOperation.c; sourceTree = "<group>"; };
		013F405C07BC222200E8EAB9 /* XAUtilities.h */ = {isa = PBXFileReference; fileEncoding = 4; lastKnownFileType = sourcecode.c.h; path = XAUtilities.h; sourceTree = "<group>"; };
		013F405D07BC222200E8EAB9 /* XAUtilities.c */ = {isa = PBXFileReference; fileEncoding = 4; lastKnownFileType = sourcecode.c.c; path = XAUtilities.c; sourceTree = "<group>"; };
		013F407907BC22FF00E8EAB9 /* xattr */ = {isa = PBXFileReference; explicitFileType = "compiled.mach-o.executable"; includeInIndex = 0; path = xattr; sourceTree = BUILT_PRODUCTS_DIR; };
		013F408007BC232100E8EAB9 /* CoreFoundation.framework */ = {isa = PBXFileReference; lastKnownFileType = wrapper.framework; name = CoreFoundation.framework; path = /System/Library/Frameworks/CoreFoundation.framework; sourceTree = "<absolute>"; };
		013F408407BC235A00E8EAB9 /* xattr.c */ = {isa = PBXFileReference; fileEncoding = 4; lastKnownFileType = sourcecode.c.c; path = xattr.c; sourceTree = "<group>"; };
		013F409307BC243F00E8EAB9 /* XAJob.h */ = {isa = PBXFileReference; fileEncoding = 4; lastKnownFileType = sourcecode.c.h; path = XAJob.h; sourceTree = "<group>"; };
		013F409407BC243F00E8EAB9 /* XAJob.c */ = {isa = PBXFileReference; fileEncoding = 4; lastKnownFileType = sourcecode.c.c; path = XAJob.c; sourceTree = "<group>"; };
		017D643F080CDE8400178925 /* XAGetOperation.h */ = {isa = PBXFileReference; fileEncoding = 4; lastKnownFileType = sourcecode.c.h; path = XAGetOperation.h; sourceTree = "<group>"; };
		017D6440080CDE8400178925 /* XAGetOperation.c */ = {isa = PBXFileReference; fileEncoding = 4; lastKnownFileType = sourcecode.c.c; path = XAGetOperation.c; sourceTree = "<group>"; };
		089C1660FE840EACC02AAC07 /* English */ = {isa = PBXFileReference; fileEncoding = 10; lastKnownFileType = text.plist.strings; name = English; path = English.lproj/InfoPlist.strings; sourceTree = "<group>"; };
		1058C7A7FEA54F5311CA2CBB /* Cocoa.framework */ = {isa = PBXFileReference; lastKnownFileType = wrapper.framework; name = Cocoa.framework; path = /System/Library/Frameworks/Cocoa.framework; sourceTree = "<absolute>"; };
		2A37F4BAFDCFA73011CA2CEA /* English */ = {isa = PBXFileReference; lastKnownFileType = text.rtf; name = English; path = English.lproj/Credits.rtf; sourceTree = "<group>"; };
		2A37F4C4FDCFA73011CA2CEA /* AppKit.framework */ = {isa = PBXFileReference; lastKnownFileType = wrapper.framework; name = AppKit.framework; path = /System/Library/Frameworks/AppKit.framework; sourceTree = "<absolute>"; };
		2A37F4C5FDCFA73011CA2CEA /* Foundation.framework */ = {isa = PBXFileReference; lastKnownFileType = wrapper.framework; name = Foundation.framework; path = /System/Library/Frameworks/Foundation.framework; sourceTree = "<absolute>"; };
		32DBCF750370BD2300C91783 /* eXttra_Prefix.pch */ = {isa = PBXFileReference; fileEncoding = 4; lastKnownFileType = sourcecode.c.h; path = eXttra_Prefix.pch; sourceTree = "<group>"; };
		8D15AC360486D014006FF6A4 /* Info.plist */ = {isa = PBXFileReference; fileEncoding = 4; lastKnownFileType = text.plist; path = Info.plist; sourceTree = "<group>"; };
/* End PBXFileReference section */

/* Begin PBXFrameworksBuildPhase section */
		013F407707BC22FF00E8EAB9 /* Frameworks */ = {
			isa = PBXFrameworksBuildPhase;
			buildActionMask = 2147483647;
			files = (
				013F408207BC232100E8EAB9 /* CoreFoundation.framework in Frameworks */,
			);
			runOnlyForDeploymentPostprocessing = 0;
		};
/* End PBXFrameworksBuildPhase section */

/* Begin PBXGroup section */
		1058C7A6FEA54F5311CA2CBB /* Linked Frameworks */ = {
			isa = PBXGroup;
			children = (
				013F408007BC232100E8EAB9 /* CoreFoundation.framework */,
				1058C7A7FEA54F5311CA2CBB /* Cocoa.framework */,
			);
			name = "Linked Frameworks";
			sourceTree = "<group>";
		};
		1058C7A8FEA54F5311CA2CBB /* Other Frameworks */ = {
			isa = PBXGroup;
			children = (
				2A37F4C5FDCFA73011CA2CEA /* Foundation.framework */,
				2A37F4C4FDCFA73011CA2CEA /* AppKit.framework */,
			);
			name = "Other Frameworks";
			sourceTree = "<group>";
		};
		19C28FB0FE9D524F11CA2CBB /* Products */ = {
			isa = PBXGroup;
			children = (
				013F407907BC22FF00E8EAB9 /* xattr */,
			);
			name = Products;
			sourceTree = "<group>";
		};
		2A37F4AAFDCFA73011CA2CEA /* eXttra */ = {
			isa = PBXGroup;
			children = (
				2A37F4ABFDCFA73011CA2CEA /* Classes */,
				2A37F4AFFDCFA73011CA2CEA /* Other Sources */,
				2A37F4B8FDCFA73011CA2CEA /* Resources */,
				2A37F4C3FDCFA73011CA2CEA /* Frameworks */,
				19C28FB0FE9D524F11CA2CBB /* Products */,
			);
			name = eXttra;
			sourceTree = "<group>";
		};
		2A37F4ABFDCFA73011CA2CEA /* Classes */ = {
			isa = PBXGroup;
			children = (
				013F409307BC243F00E8EAB9 /* XAJob.h */,
				013F409407BC243F00E8EAB9 /* XAJob.c */,
				013F405C07BC222200E8EAB9 /* XAUtilities.h */,
				013F405D07BC222200E8EAB9 /* XAUtilities.c */,
				01184A1707BBE23600945086 /* XARemoveOperation.h */,
				01184A1807BBE23600945086 /* XARemoveOperation.c */,
				017D643F080CDE8400178925 /* XAGetOperation.h */,
				017D6440080CDE8400178925 /* XAGetOperation.c */,
				01184A1307BBE21D00945086 /* XASetOperation.h */,
				01184A1407BBE21D00945086 /* XASetOperation.c */,
				01184A0F07BBE20100945086 /* XAListOperation.h */,
				01184A1007BBE20100945086 /* XAListOperation.c */,
				011849EC07BBDBE900945086 /* XAOperation.h */,
				011849ED07BBDBE900945086 /* XAOperation.c */,
				011849EA07BBDBD800945086 /* XAOperationInternal.h */,
				0118494C07BB064900945086 /* XATypes.h */,
				0118494807BB063600945086 /* XARuntime.h */,
				0118494907BB063600945086 /* XARuntime.c */,
				0118494407BB062900945086 /* XAAttribute.h */,
				0118494507BB062900945086 /* XAAttribute.c */,
				0118494007BB060F00945086 /* XAFile.h */,
				0118494107BB060F00945086 /* XAFile.c */,
			);
			name = Classes;
			sourceTree = "<group>";
		};
		2A37F4AFFDCFA73011CA2CEA /* Other Sources */ = {
			isa = PBXGroup;
			children = (
				013F408407BC235A00E8EAB9 /* xattr.c */,
				011849DE07BBA62F00945086 /* xattr.h */,
				0118493E07BB05EC00945086 /* CFRuntime.h */,
				32DBCF750370BD2300C91783 /* eXttra_Prefix.pch */,
			);
			name = "Other Sources";
			sourceTree = "<group>";
		};
		2A37F4B8FDCFA73011CA2CEA /* Resources */ = {
			isa = PBXGroup;
			children = (
				2A37F4B9FDCFA73011CA2CEA /* Credits.rtf */,
				8D15AC360486D014006FF6A4 /* Info.plist */,
				089C165FFE840EACC02AAC07 /* InfoPlist.strings */,
			);
			name = Resources;
			sourceTree = "<group>";
		};
		2A37F4C3FDCFA73011CA2CEA /* Frameworks */ = {
			isa = PBXGroup;
			children = (
				1058C7A6FEA54F5311CA2CBB /* Linked Frameworks */,
				1058C7A8FEA54F5311CA2CBB /* Other Frameworks */,
			);
			name = Frameworks;
			sourceTree = "<group>";
		};
/* End PBXGroup section */

/* Begin PBXNativeTarget section */
		013F407807BC22FF00E8EAB9 /* xattr */ = {
			isa = PBXNativeTarget;
			buildConfigurationList = 03214EE0157F5BD9000B2BDF /* Build configuration list for PBXNativeTarget "xattr" */;
			buildPhases = (
				013F407607BC22FF00E8EAB9 /* Sources */,
				013F407707BC22FF00E8EAB9 /* Frameworks */,
			);
			buildRules = (
			);
			dependencies = (
			);
			name = xattr;
			productName = xattr;
			productReference = 013F407907BC22FF00E8EAB9 /* xattr */;
			productType = "com.apple.product-type.tool";
		};
/* End PBXNativeTarget section */

/* Begin PBXProject section */
		2A37F4A9FDCFA73011CA2CEA /* Project object */ = {
			isa = PBXProject;
			buildConfigurationList = 03214EDF157F5BD9000B2BDF /* Build configuration list for PBXProject "eXttra" */;
			compatibilityVersion = "Xcode 2.4";
			developmentRegion = English;
			hasScannedForEncodings = 1;
			knownRegions = (
				English,
				Japanese,
				French,
				German,
			);
			mainGroup = 2A37F4AAFDCFA73011CA2CEA /* eXttra */;
			projectDirPath = "";
			projectRoot = "";
			targets = (
				013F407807BC22FF00E8EAB9 /* xattr */,
			);
		};
/* End PBXProject section */

/* Begin PBXSourcesBuildPhase section */
		013F407607BC22FF00E8EAB9 /* Sources */ = {
			isa = PBXSourcesBuildPhase;
			buildActionMask = 2147483647;
			files = (
				013F408607BC237600E8EAB9 /* XAUtilities.c in Sources */,
				013F408707BC237600E8EAB9 /* XARemoveOperation.c in Sources */,
				013F408807BC237600E8EAB9 /* XASetOperation.c in Sources */,
				013F408907BC237600E8EAB9 /* XAListOperation.c in Sources */,
				013F408A07BC237600E8EAB9 /* XAOperation.c in Sources */,
				013F408B07BC237600E8EAB9 /* XARuntime.c in Sources */,
				013F408C07BC237600E8EAB9 /* XAAttribute.c in Sources */,
				013F408D07BC237600E8EAB9 /* XAFile.c in Sources */,
				013F408507BC235A00E8EAB9 /* xattr.c in Sources */,
				013F409507BC243F00E8EAB9 /* XAJob.c in Sources */,
				017D6441080CDE8400178925 /* XAGetOperation.c in Sources */,
			);
			runOnlyForDeploymentPostprocessing = 0;
		};
/* End PBXSourcesBuildPhase section */

/* Begin PBXVariantGroup section */
		089C165FFE840EACC02AAC07 /* InfoPlist.strings */ = {
			isa = PBXVariantGroup;
			children = (
				089C1660FE840EACC02AAC07 /* English */,
			);
			name = InfoPlist.strings;
			sourceTree = "<group>";
		};
		2A37F4B9FDCFA73011CA2CEA /* Credits.rtf */ = {
			isa = PBXVariantGroup;
			children = (
				2A37F4BAFDCFA73011CA2CEA /* English */,
			);
			name = Credits.rtf;
			sourceTree = "<group>";
		};
/* End PBXVariantGroup section */

/* Begin XCBuildConfiguration section */
		03214ED9157F5BD9000B2BDF /* Development */ = {
			isa = XCBuildConfiguration;
			buildSettings = {
			};
			name = Development;
		};
		03214EDA157F5BD9000B2BDF /* Deployment */ = {
			isa = XCBuildConfiguration;
			buildSettings = {
			};
			name = Deployment;
		};
		03214EDB157F5BD9000B2BDF /* Default */ = {
			isa = XCBuildConfiguration;
			buildSettings = {
			};
			name = Default;
		};
		03214EDC157F5BD9000B2BDF /* Development */ = {
			isa = XCBuildConfiguration;
			buildSettings = {
				COPY_PHASE_STRIP = NO;
				GCC_DYNAMIC_NO_PIC = NO;
				GCC_ENABLE_FIX_AND_CONTINUE = YES;
				GCC_GENERATE_DEBUGGING_SYMBOLS = YES;
				GCC_OPTIMIZATION_LEVEL = 0;
				INSTALL_PATH = /usr/local/bin;
				OTHER_CFLAGS = "";
				OTHER_LDFLAGS = "";
				OTHER_REZFLAGS = "";
				PRODUCT_NAME = xattr;
				SECTORDER_FLAGS = "";
				WARNING_CFLAGS = (
					"-Wmost",
					"-Wno-four-char-constants",
					"-Wno-unknown-pragmas",
				);
				ZERO_LINK = NO;
			};
			name = Development;
		};
		03214EDD157F5BD9000B2BDF /* Deployment */ = {
			isa = XCBuildConfiguration;
			buildSettings = {
				COPY_PHASE_STRIP = YES;
				GCC_ENABLE_FIX_AND_CONTINUE = NO;
				INSTALL_PATH = /usr/local/bin;
				OTHER_CFLAGS = "";
				OTHER_LDFLAGS = "";
				OTHER_REZFLAGS = "";
				PRODUCT_NAME = xattr;
				SECTORDER_FLAGS = "";
				WARNING_CFLAGS = (
					"-Wmost",
					"-Wno-four-char-constants",
					"-Wno-unknown-pragmas",
				);
				ZERO_LINK = NO;
			};
			name = Deployment;
		};
		03214EDE157F5BD9000B2BDF /* Default */ = {
			isa = XCBuildConfiguration;
			buildSettings = {
				INSTALL_PATH = /usr/local/bin;
				OTHER_CFLAGS = "";
				OTHER_LDFLAGS = "";
				OTHER_REZFLAGS = "";
				PRODUCT_NAME = xattr;
				SECTORDER_FLAGS = "";
				WARNING_CFLAGS = (
					"-Wmost",
					"-Wno-four-char-constants",
					"-Wno-unknown-pragmas",
				);
			};
			name = Default;
		};
/* End XCBuildConfiguration section */

/* Begin XCConfigurationList section */
		03214EDF157F5BD9000B2BDF /* Build configuration list for PBXProject "eXttra" */ = {
			isa = XCConfigurationList;
			buildConfigurations = (
				03214ED9157F5BD9000B2BDF /* Development */,
				03214EDA157F5BD9000B2BDF /* Deployment */,
				03214EDB157F5BD9000B2BDF /* Default */,
			);
			defaultConfigurationIsVisible = 0;
			defaultConfigurationName = Default;
		};
		03214EE0157F5BD9000B2BDF /* Build configuration list for PBXNativeTarget "xattr" */ = {
			isa = XCConfigurationList;
			buildConfigurations = (
				03214EDC157F5BD9000B2BDF /* Development */,
				03214EDD157F5BD9000B2BDF /* Deployment */,
				03214EDE157F5BD9000B2BDF /* Default */,
			);
			defaultConfigurationIsVisible = 0;
			defaultConfigurationName = Default;
		};
/* End XCConfigurationList section */
	};
	rootObject = 2A37F4A9FDCFA73011CA2CEA /* Project object */;
}
