--- osxutils.pbproj/project.pbxproj.orig	Sat Jun 21 10:40:23 2003
+++ osxutils.pbproj/project.pbxproj	Sat Jun 21 10:40:39 2003
@@ -243,7 +243,7 @@
 		};
 		353A48FD047960BE00C07315 = {
 			buildActionMask = 8;
-			dstPath = "$(INSTALL_PATH)/share/man/man1";
+			dstPath = "$(INSTALL_PATH)/man/man1";
 			dstSubfolderSpec = 0;
 			files = (
 				35CEBF9604897B9F00C07315,
@@ -253,7 +253,7 @@
 		};
 		353A48FF0479614900C07315 = {
 			buildActionMask = 8;
-			dstPath = "$(INSTALL_PATH)/share/man/man1";
+			dstPath = "$(INSTALL_PATH)/man/man1";
 			dstSubfolderSpec = 0;
 			files = (
 				35CEBF8A04897B9F00C07315,
@@ -263,7 +263,7 @@
 		};
 		353A49000479616900C07315 = {
 			buildActionMask = 8;
-			dstPath = "$(INSTALL_PATH)/share/man/man1";
+			dstPath = "$(INSTALL_PATH)/man/man1";
 			dstSubfolderSpec = 0;
 			files = (
 				35CEBF9B04897C6600C07315,
@@ -273,7 +273,7 @@
 		};
 		353A49010479617700C07315 = {
 			buildActionMask = 8;
-			dstPath = "$(INSTALL_PATH)/share/man/man1";
+			dstPath = "$(INSTALL_PATH)/man/man1";
 			dstSubfolderSpec = 0;
 			files = (
 				35CEBF7E04897B9F00C07315,
@@ -283,7 +283,7 @@
 		};
 		353A49020479618200C07315 = {
 			buildActionMask = 8;
-			dstPath = "$(INSTALL_PATH)/share/man/man1";
+			dstPath = "$(INSTALL_PATH)/man/man1";
 			dstSubfolderSpec = 0;
 			files = (
 				35CEBF7204897B9F00C07315,
@@ -293,7 +293,7 @@
 		};
 		353A49030479618D00C07315 = {
 			buildActionMask = 8;
-			dstPath = "$(INSTALL_PATH)/share/man/man1";
+			dstPath = "$(INSTALL_PATH)/man/man1";
 			dstSubfolderSpec = 0;
 			files = (
 				35CEBF9C04897C8E00C07315,
@@ -1389,7 +1389,7 @@
 		};
 		C6A0FF2D029079AD04C91782 = {
 			buildActionMask = 8;
-			dstPath = "$(INSTALL_PATH)/share/man/man1";
+			dstPath = "$(INSTALL_PATH)/man/man1";
 			dstSubfolderSpec = 0;
 			files = (
 				35CEBF8D04897B9F00C07315,
