--- ./FFView.xcode/project.pbxproj.orig	Mon Jan  3 00:52:31 2005
+++ ./FFView.xcode/project.pbxproj	Mon Jan  3 00:52:37 2005
@@ -2051,7 +2051,7 @@
 		42AAC5E307147FB400B3BAFD = {
 			isa = PBXFileReference;
 			lastKnownFileType = image.tiff;
-			path = "Image list.tif";
+			path = "Image List.tif";
 			refType = 4;
 			sourceTree = "<group>";
 		};
