// !$*UTF8*$!
{
	archiveVersion = 1;
	classes = {
	};
	objectVersion = 42;
	objects = {

/* Begin PBXBuildFile section */
		442BB9D60653EB340041C2A9 /* CHMURLProtocol.h in Headers */ = {isa = PBXBuildFile; fileRef = 442BB9D40653EB340041C2A9 /* CHMURLProtocol.h */; };
		442BB9D70653EB340041C2A9 /* CHMURLProtocol.m in Sources */ = {isa = PBXBuildFile; fileRef = 442BB9D50653EB340041C2A9 /* CHMURLProtocol.m */; };
		442BBA310653ED630041C2A9 /* CHMContainer.h in Headers */ = {isa = PBXBuildFile; fileRef = 442BBA2F0653ED630041C2A9 /* CHMContainer.h */; };
		442BBA320653ED630041C2A9 /* CHMContainer.m in Sources */ = {isa = PBXBuildFile; fileRef = 442BBA300653ED630041C2A9 /* CHMContainer.m */; };
		442BBB310653F73E0041C2A9 /* WebKit.framework in Frameworks */ = {isa = PBXBuildFile; fileRef = 442BBB300653F73E0041C2A9 /* WebKit.framework */; };
		443011B7067E54140054A7C5 /* toolbar-smaller.png in Resources */ = {isa = PBXBuildFile; fileRef = 443011B4067E54140054A7C5 /* toolbar-smaller.png */; };
		443011B8067E54140054A7C5 /* toolbar-drawer.png in Resources */ = {isa = PBXBuildFile; fileRef = 443011B5067E54140054A7C5 /* toolbar-drawer.png */; };
		443011B9067E54140054A7C5 /* toolbar-bigger.png in Resources */ = {isa = PBXBuildFile; fileRef = 443011B6067E54140054A7C5 /* toolbar-bigger.png */; };
		443011D3067E65980054A7C5 /* segment-back.png in Resources */ = {isa = PBXBuildFile; fileRef = 443011D1067E65980054A7C5 /* segment-back.png */; };
		443011D4067E65980054A7C5 /* segment-forward.png in Resources */ = {isa = PBXBuildFile; fileRef = 443011D2067E65980054A7C5 /* segment-forward.png */; };
		443EA40707B2DF6C00C46016 /* application.icns in Resources */ = {isa = PBXBuildFile; fileRef = 443EA40607B2DF6C00C46016 /* application.icns */; };
		445DEAC507B408380008D692 /* InfoPlist.strings in Resources */ = {isa = PBXBuildFile; fileRef = 089C1660FE840EACC02AAC07 /* InfoPlist.strings */; };
		445DEACD07B4086C0008D692 /* Localizable.strings in Resources */ = {isa = PBXBuildFile; fileRef = 445DEACC07B4086C0008D692 /* Localizable.strings */; };
		448AF5A2064AA5E100FA37BD /* CHMDocument.h in Headers */ = {isa = PBXBuildFile; fileRef = 448AF5A0064AA5E100FA37BD /* CHMDocument.h */; };
		448AF5A3064AA5E100FA37BD /* CHMDocument.m in Sources */ = {isa = PBXBuildFile; fileRef = 448AF5A1064AA5E100FA37BD /* CHMDocument.m */; };
		448AF5AC064AE52F00FA37BD /* CHMWindowController.h in Headers */ = {isa = PBXBuildFile; fileRef = 448AF5AA064AE52F00FA37BD /* CHMWindowController.h */; };
		448AF5AD064AE52F00FA37BD /* CHMWindowController.m in Sources */ = {isa = PBXBuildFile; fileRef = 448AF5AB064AE52F00FA37BD /* CHMWindowController.m */; };
		448AF6FD064AFD3500FA37BD /* chm_lib.c in Sources */ = {isa = PBXBuildFile; fileRef = 448AF6F9064AFD3500FA37BD /* chm_lib.c */; };
		448AF6FE064AFD3500FA37BD /* chm_lib.h in Headers */ = {isa = PBXBuildFile; fileRef = 448AF6FA064AFD3500FA37BD /* chm_lib.h */; };
		448AF6FF064AFD3500FA37BD /* lzx.c in Sources */ = {isa = PBXBuildFile; fileRef = 448AF6FB064AFD3500FA37BD /* lzx.c */; };
		448AF700064AFD3500FA37BD /* lzx.h in Headers */ = {isa = PBXBuildFile; fileRef = 448AF6FC064AFD3500FA37BD /* lzx.h */; };
		44923A7A072C57E90070AA26 /* CHMApplication.h in Headers */ = {isa = PBXBuildFile; fileRef = 44923A78072C57E90070AA26 /* CHMApplication.h */; };
		44923A7B072C57E90070AA26 /* CHMApplication.m in Sources */ = {isa = PBXBuildFile; fileRef = 44923A79072C57E90070AA26 /* CHMApplication.m */; };
		4494977A073D406800D8BC20 /* MacPAD.url in Resources */ = {isa = PBXBuildFile; fileRef = 44949779073D406800D8BC20 /* MacPAD.url */; };
		4494984E073D5A1700D8BC20 /* MacPADSocket.h in Headers */ = {isa = PBXBuildFile; fileRef = 4494984C073D5A1700D8BC20 /* MacPADSocket.h */; };
		4494984F073D5A1700D8BC20 /* MacPADSocket.m in Sources */ = {isa = PBXBuildFile; fileRef = 4494984D073D5A1700D8BC20 /* MacPADSocket.m */; };
		44B501B206A587BA00CE0A8E /* CHMVersionChecker.h in Headers */ = {isa = PBXBuildFile; fileRef = 44B501B006A587BA00CE0A8E /* CHMVersionChecker.h */; };
		44B501B306A587BA00CE0A8E /* CHMVersionChecker.m in Sources */ = {isa = PBXBuildFile; fileRef = 44B501B106A587BA00CE0A8E /* CHMVersionChecker.m */; };
		44B501C906A58D3300CE0A8E /* VersionChecker.nib in Resources */ = {isa = PBXBuildFile; fileRef = 44B501C806A58D3300CE0A8E /* VersionChecker.nib */; };
		44B7AED20675301E00B51920 /* chmdoc.icns in Resources */ = {isa = PBXBuildFile; fileRef = 44B7AED10675301E00B51920 /* chmdoc.icns */; };
		44F984BF06576CA60076336E /* CHMTopic.h in Headers */ = {isa = PBXBuildFile; fileRef = 44F984BD06576CA60076336E /* CHMTopic.h */; };
		44F984C006576CA60076336E /* CHMTopic.m in Sources */ = {isa = PBXBuildFile; fileRef = 44F984BE06576CA60076336E /* CHMTopic.m */; };
		44F984FA065774580076336E /* CHMTableOfContents.h in Headers */ = {isa = PBXBuildFile; fileRef = 44F984F8065774580076336E /* CHMTableOfContents.h */; };
		44F984FB065774580076336E /* CHMTableOfContents.m in Sources */ = {isa = PBXBuildFile; fileRef = 44F984F9065774580076336E /* CHMTableOfContents.m */; };
		8D15AC2C0486D014006FF6A4 /* Credits.rtf in Resources */ = {isa = PBXBuildFile; fileRef = 2A37F4B9FDCFA73011CA2CEA /* Credits.rtf */; };
		8D15AC2D0486D014006FF6A4 /* MainMenu.nib in Resources */ = {isa = PBXBuildFile; fileRef = 2A37F4B6FDCFA73011CA2CEA /* MainMenu.nib */; };
		8D15AC2E0486D014006FF6A4 /* CHMDocument.nib in Resources */ = {isa = PBXBuildFile; fileRef = 2A37F4B4FDCFA73011CA2CEA /* CHMDocument.nib */; };
		8D15AC320486D014006FF6A4 /* main.m in Sources */ = {isa = PBXBuildFile; fileRef = 2A37F4B0FDCFA73011CA2CEA /* main.m */; settings = {ATTRIBUTES = (); }; };
		8D15AC340486D014006FF6A4 /* Cocoa.framework in Frameworks */ = {isa = PBXBuildFile; fileRef = 1058C7A7FEA54F5311CA2CBB /* Cocoa.framework */; };
/* End PBXBuildFile section */

/* Begin PBXFileReference section */
		089C1660FE840EACC02AAC07 /* InfoPlist.strings */ = {isa = PBXFileReference; fileEncoding = 10; lastKnownFileType = text.plist.strings; path = InfoPlist.strings; sourceTree = "<group>"; };
		1058C7A7FEA54F5311CA2CBB /* Cocoa.framework */ = {isa = PBXFileReference; lastKnownFileType = wrapper.framework; name = Cocoa.framework; path = /System/Library/Frameworks/Cocoa.framework; sourceTree = "<absolute>"; };
		2A37F4B0FDCFA73011CA2CEA /* main.m */ = {isa = PBXFileReference; fileEncoding = 30; lastKnownFileType = sourcecode.c.objc; path = main.m; sourceTree = "<group>"; };
		2A37F4B5FDCFA73011CA2CEA /* English */ = {isa = PBXFileReference; lastKnownFileType = wrapper.nib; name = English; path = English.lproj/CHMDocument.nib; sourceTree = "<group>"; };
		2A37F4B7FDCFA73011CA2CEA /* English */ = {isa = PBXFileReference; lastKnownFileType = wrapper.nib; name = English; path = English.lproj/MainMenu.nib; sourceTree = "<group>"; };
		2A37F4BAFDCFA73011CA2CEA /* English */ = {isa = PBXFileReference; lastKnownFileType = text.rtf; name = English; path = English.lproj/Credits.rtf; sourceTree = "<group>"; };
		2A37F4C4FDCFA73011CA2CEA /* AppKit.framework */ = {isa = PBXFileReference; lastKnownFileType = wrapper.framework; name = AppKit.framework; path = /System/Library/Frameworks/AppKit.framework; sourceTree = "<absolute>"; };
		2A37F4C5FDCFA73011CA2CEA /* Foundation.framework */ = {isa = PBXFileReference; lastKnownFileType = wrapper.framework; name = Foundation.framework; path = /System/Library/Frameworks/Foundation.framework; sourceTree = "<absolute>"; };
		4410436C07B4F11900B3D4B9 /* French */ = {isa = PBXFileReference; lastKnownFileType = wrapper.nib; name = French; path = French.lproj/MainMenu.nib; sourceTree = "<group>"; };
		4410438D07B4F83D00B3D4B9 /* French */ = {isa = PBXFileReference; lastKnownFileType = wrapper.nib; name = French; path = French.lproj/CHMDocument.nib; sourceTree = "<group>"; };
		442BB9D40653EB340041C2A9 /* CHMURLProtocol.h */ = {isa = PBXFileReference; fileEncoding = 4; lastKnownFileType = sourcecode.c.h; path = CHMURLProtocol.h; sourceTree = "<group>"; };
		442BB9D50653EB340041C2A9 /* CHMURLProtocol.m */ = {isa = PBXFileReference; fileEncoding = 4; lastKnownFileType = sourcecode.c.objc; path = CHMURLProtocol.m; sourceTree = "<group>"; };
		442BBA2F0653ED630041C2A9 /* CHMContainer.h */ = {isa = PBXFileReference; fileEncoding = 4; lastKnownFileType = sourcecode.c.h; path = CHMContainer.h; sourceTree = "<group>"; };
		442BBA300653ED630041C2A9 /* CHMContainer.m */ = {isa = PBXFileReference; fileEncoding = 4; lastKnownFileType = sourcecode.c.objc; path = CHMContainer.m; sourceTree = "<group>"; };
		442BBB300653F73E0041C2A9 /* WebKit.framework */ = {isa = PBXFileReference; lastKnownFileType = wrapper.framework; name = WebKit.framework; path = /System/Library/Frameworks/WebKit.framework; sourceTree = "<absolute>"; };
		443011A2067E1E0C0054A7C5 /* TODO.txt */ = {isa = PBXFileReference; fileEncoding = 4; lastKnownFileType = text; path = TODO.txt; sourceTree = "<group>"; };
		443011AC067E2B340054A7C5 /* CHANGES.txt */ = {isa = PBXFileReference; fileEncoding = 4; lastKnownFileType = text; path = CHANGES.txt; sourceTree = "<group>"; };
		443011B4067E54140054A7C5 /* toolbar-smaller.png */ = {isa = PBXFileReference; lastKnownFileType = image.png; path = "toolbar-smaller.png"; sourceTree = "<group>"; };
		443011B5067E54140054A7C5 /* toolbar-drawer.png */ = {isa = PBXFileReference; lastKnownFileType = image.png; path = "toolbar-drawer.png"; sourceTree = "<group>"; };
		443011B6067E54140054A7C5 /* toolbar-bigger.png */ = {isa = PBXFileReference; lastKnownFileType = image.png; path = "toolbar-bigger.png"; sourceTree = "<group>"; };
		443011D1067E65980054A7C5 /* segment-back.png */ = {isa = PBXFileReference; lastKnownFileType = image.png; path = "segment-back.png"; sourceTree = "<group>"; };
		443011D2067E65980054A7C5 /* segment-forward.png */ = {isa = PBXFileReference; lastKnownFileType = image.png; path = "segment-forward.png"; sourceTree = "<group>"; };
		443EA40607B2DF6C00C46016 /* application.icns */ = {isa = PBXFileReference; lastKnownFileType = image.icns; path = application.icns; sourceTree = "<group>"; };
		445DEACA07B4085C0008D692 /* English */ = {isa = PBXFileReference; fileEncoding = 4; lastKnownFileType = text.plist.strings; name = English; path = English.lproj/Localizable.strings; sourceTree = "<group>"; };
		445DEAD907B409900008D692 /* French */ = {isa = PBXFileReference; lastKnownFileType = text.plist.strings; name = French; path = French.lproj/Localizable.strings; sourceTree = "<group>"; };
		445DEAEB07B40A9F0008D692 /* German */ = {isa = PBXFileReference; lastKnownFileType = text.plist.strings; name = German; path = German.lproj/Localizable.strings; sourceTree = "<group>"; };
		445DEAF307B427460008D692 /* German */ = {isa = PBXFileReference; lastKnownFileType = wrapper.nib; name = German; path = German.lproj/VersionChecker.nib; sourceTree = "<group>"; };
		445DEAF707B42A4A0008D692 /* German */ = {isa = PBXFileReference; lastKnownFileType = wrapper.nib; name = German; path = German.lproj/CHMDocument.nib; sourceTree = "<group>"; };
		445DEAF907B42BAE0008D692 /* German */ = {isa = PBXFileReference; lastKnownFileType = wrapper.nib; name = German; path = German.lproj/MainMenu.nib; sourceTree = "<group>"; };
		448AF5A0064AA5E100FA37BD /* CHMDocument.h */ = {isa = PBXFileReference; fileEncoding = 4; lastKnownFileType = sourcecode.c.h; path = CHMDocument.h; sourceTree = "<group>"; };
		448AF5A1064AA5E100FA37BD /* CHMDocument.m */ = {isa = PBXFileReference; fileEncoding = 4; lastKnownFileType = sourcecode.c.objc; path = CHMDocument.m; sourceTree = "<group>"; };
		448AF5AA064AE52F00FA37BD /* CHMWindowController.h */ = {isa = PBXFileReference; fileEncoding = 4; lastKnownFileType = sourcecode.c.h; path = CHMWindowController.h; sourceTree = "<group>"; };
		448AF5AB064AE52F00FA37BD /* CHMWindowController.m */ = {isa = PBXFileReference; fileEncoding = 4; lastKnownFileType = sourcecode.c.objc; path = CHMWindowController.m; sourceTree = "<group>"; };
		448AF6F9064AFD3500FA37BD /* chm_lib.c */ = {isa = PBXFileReference; fileEncoding = 4; lastKnownFileType = sourcecode.c.c; path = chm_lib.c; sourceTree = "<group>"; };
		448AF6FA064AFD3500FA37BD /* chm_lib.h */ = {isa = PBXFileReference; fileEncoding = 4; lastKnownFileType = sourcecode.c.h; path = chm_lib.h; sourceTree = "<group>"; };
		448AF6FB064AFD3500FA37BD /* lzx.c */ = {isa = PBXFileReference; fileEncoding = 4; lastKnownFileType = sourcecode.c.c; path = lzx.c; sourceTree = "<group>"; };
		448AF6FC064AFD3500FA37BD /* lzx.h */ = {isa = PBXFileReference; fileEncoding = 4; lastKnownFileType = sourcecode.c.h; path = lzx.h; sourceTree = "<group>"; };
		448CC7E5068A2ED200F9B0DB /* LGPL.r */ = {isa = PBXFileReference; fileEncoding = 4; lastKnownFileType = sourcecode.rez; path = LGPL.r; sourceTree = "<group>"; };
		44916E9C07B97CED0095F0CE /* Italian */ = {isa = PBXFileReference; lastKnownFileType = text.rtf; name = Italian; path = Italian.lproj/Credits.rtf; sourceTree = "<group>"; };
		44923A78072C57E90070AA26 /* CHMApplication.h */ = {isa = PBXFileReference; fileEncoding = 4; lastKnownFileType = sourcecode.c.h; path = CHMApplication.h; sourceTree = "<group>"; };
		44923A79072C57E90070AA26 /* CHMApplication.m */ = {isa = PBXFileReference; fileEncoding = 4; lastKnownFileType = sourcecode.c.objc; path = CHMApplication.m; sourceTree = "<group>"; };
		4492A06607BF9876007B237D /* Farsi */ = {isa = PBXFileReference; lastKnownFileType = text.rtf; name = Farsi; path = Farsi.lproj/Credits.rtf; sourceTree = "<group>"; };
		4492A06707BF988B007B237D /* Farsi */ = {isa = PBXFileReference; lastKnownFileType = wrapper.nib; name = Farsi; path = Farsi.lproj/MainMenu.nib; sourceTree = "<group>"; };
		4492A06807BF9896007B237D /* Farsi */ = {isa = PBXFileReference; lastKnownFileType = wrapper.nib; name = Farsi; path = Farsi.lproj/CHMDocument.nib; sourceTree = "<group>"; };
		4492A06907BF989E007B237D /* Farsi */ = {isa = PBXFileReference; lastKnownFileType = wrapper.nib; name = Farsi; path = Farsi.lproj/VersionChecker.nib; sourceTree = "<group>"; };
		4492A06A07BF98B1007B237D /* Farsi */ = {isa = PBXFileReference; lastKnownFileType = text.plist.strings; name = Farsi; path = Farsi.lproj/Localizable.strings; sourceTree = "<group>"; };
		44949779073D406800D8BC20 /* MacPAD.url */ = {isa = PBXFileReference; fileEncoding = 4; lastKnownFileType = text; path = MacPAD.url; sourceTree = "<group>"; };
		44949839073D56ED00D8BC20 /* MacPAD.plist */ = {isa = PBXFileReference; fileEncoding = 4; lastKnownFileType = text.plist.xml; path = MacPAD.plist; sourceTree = SOURCE_ROOT; };
		4494984C073D5A1700D8BC20 /* MacPADSocket.h */ = {isa = PBXFileReference; fileEncoding = 4; lastKnownFileType = sourcecode.c.h; path = MacPADSocket.h; sourceTree = "<group>"; };
		4494984D073D5A1700D8BC20 /* MacPADSocket.m */ = {isa = PBXFileReference; fileEncoding = 4; lastKnownFileType = sourcecode.c.objc; path = MacPADSocket.m; sourceTree = "<group>"; };
		44A67DE00742A04300D4714F /* French */ = {isa = PBXFileReference; lastKnownFileType = wrapper.nib; name = French; path = French.lproj/VersionChecker.nib; sourceTree = "<group>"; };
		44B501B006A587BA00CE0A8E /* CHMVersionChecker.h */ = {isa = PBXFileReference; fileEncoding = 4; lastKnownFileType = sourcecode.c.h; path = CHMVersionChecker.h; sourceTree = "<group>"; };
		44B501B106A587BA00CE0A8E /* CHMVersionChecker.m */ = {isa = PBXFileReference; fileEncoding = 4; lastKnownFileType = sourcecode.c.objc; path = CHMVersionChecker.m; sourceTree = "<group>"; };
		44B501B606A5885E00CE0A8E /* English */ = {isa = PBXFileReference; lastKnownFileType = wrapper.nib; name = English; path = English.lproj/VersionChecker.nib; sourceTree = "<group>"; };
		44B7AED10675301E00B51920 /* chmdoc.icns */ = {isa = PBXFileReference; lastKnownFileType = image.icns; path = chmdoc.icns; sourceTree = SOURCE_ROOT; };
		44B8E1B807B8245D002BF574 /* Italian */ = {isa = PBXFileReference; lastKnownFileType = text.plist.strings; name = Italian; path = Italian.lproj/Localizable.strings; sourceTree = "<group>"; };
		44C8E70E07B825EC00F5DADD /* Italian */ = {isa = PBXFileReference; lastKnownFileType = wrapper.nib; name = Italian; path = Italian.lproj/MainMenu.nib; sourceTree = "<group>"; };
		44C8E71707B8267200F5DADD /* Italian */ = {isa = PBXFileReference; lastKnownFileType = wrapper.nib; name = Italian; path = Italian.lproj/CHMDocument.nib; sourceTree = "<group>"; };
		44C8E71807B8267F00F5DADD /* Italian */ = {isa = PBXFileReference; lastKnownFileType = wrapper.nib; name = Italian; path = Italian.lproj/VersionChecker.nib; sourceTree = "<group>"; };
		44D62F6906D94D5500C6711F /* French */ = {isa = PBXFileReference; lastKnownFileType = text.rtf; name = French; path = French.lproj/Credits.rtf; sourceTree = "<group>"; };
		44D7FFF0065A9C7B00D2B23E /* prefix.pch */ = {isa = PBXFileReference; fileEncoding = 4; lastKnownFileType = sourcecode.c.h; path = prefix.pch; sourceTree = "<group>"; };
		44DA07230694985300777FAE /* LICENSE.txt */ = {isa = PBXFileReference; fileEncoding = 4; lastKnownFileType = text; path = LICENSE.txt; sourceTree = "<group>"; };
		44F984BD06576CA60076336E /* CHMTopic.h */ = {isa = PBXFileReference; fileEncoding = 4; lastKnownFileType = sourcecode.c.h; path = CHMTopic.h; sourceTree = "<group>"; };
		44F984BE06576CA60076336E /* CHMTopic.m */ = {isa = PBXFileReference; fileEncoding = 4; lastKnownFileType = sourcecode.c.objc; path = CHMTopic.m; sourceTree = "<group>"; };
		44F984F8065774580076336E /* CHMTableOfContents.h */ = {isa = PBXFileReference; fileEncoding = 4; lastKnownFileType = sourcecode.c.h; path = CHMTableOfContents.h; sourceTree = "<group>"; };
		44F984F9065774580076336E /* CHMTableOfContents.m */ = {isa = PBXFileReference; fileEncoding = 4; lastKnownFileType = sourcecode.c.objc; path = CHMTableOfContents.m; sourceTree = "<group>"; };
		8D15AC360486D014006FF6A4 /* Info.plist */ = {isa = PBXFileReference; fileEncoding = 4; lastKnownFileType = text.plist; path = Info.plist; sourceTree = "<group>"; };
		8D15AC370486D014006FF6A4 /* Chmox.app */ = {isa = PBXFileReference; explicitFileType = wrapper.application; includeInIndex = 0; path = Chmox.app; sourceTree = BUILT_PRODUCTS_DIR; };
/* End PBXFileReference section */

/* Begin PBXFrameworksBuildPhase section */
		8D15AC330486D014006FF6A4 /* Frameworks */ = {
			isa = PBXFrameworksBuildPhase;
			buildActionMask = 2147483647;
			files = (
				8D15AC340486D014006FF6A4 /* Cocoa.framework in Frameworks */,
				442BBB310653F73E0041C2A9 /* WebKit.framework in Frameworks */,
			);
			runOnlyForDeploymentPostprocessing = 0;
		};
/* End PBXFrameworksBuildPhase section */

/* Begin PBXGroup section */
		1058C7A6FEA54F5311CA2CBB /* Linked Frameworks */ = {
			isa = PBXGroup;
			children = (
				442BBB300653F73E0041C2A9 /* WebKit.framework */,
				1058C7A7FEA54F5311CA2CBB /* Cocoa.framework */,
			);
			name = "Linked Frameworks";
			sourceTree = "<group>";
		};
		1058C7A8FEA54F5311CA2CBB /* Other Frameworks */ = {
			isa = PBXGroup;
			children = (
				2A37F4C5FDCFA73011CA2CEA /* Foundation.framework */,
				2A37F4C4FDCFA73011CA2CEA /* AppKit.framework */,
			);
			name = "Other Frameworks";
			sourceTree = "<group>";
		};
		19C28FB0FE9D524F11CA2CBB /* Products */ = {
			isa = PBXGroup;
			children = (
				8D15AC370486D014006FF6A4 /* Chmox.app */,
			);
			name = Products;
			sourceTree = "<group>";
		};
		2A37F4AAFDCFA73011CA2CEA /* Chmox */ = {
			isa = PBXGroup;
			children = (
				2A37F4ABFDCFA73011CA2CEA /* Classes */,
				2A37F4AFFDCFA73011CA2CEA /* Other Sources */,
				2A37F4B8FDCFA73011CA2CEA /* Resources */,
				2A37F4C3FDCFA73011CA2CEA /* Frameworks */,
				19C28FB0FE9D524F11CA2CBB /* Products */,
				443011A2067E1E0C0054A7C5 /* TODO.txt */,
				443011AC067E2B340054A7C5 /* CHANGES.txt */,
			);
			name = Chmox;
			sourceTree = "<group>";
		};
		2A37F4ABFDCFA73011CA2CEA /* Classes */ = {
			isa = PBXGroup;
			children = (
				44923A78072C57E90070AA26 /* CHMApplication.h */,
				44923A79072C57E90070AA26 /* CHMApplication.m */,
				44B501B006A587BA00CE0A8E /* CHMVersionChecker.h */,
				44B501B106A587BA00CE0A8E /* CHMVersionChecker.m */,
				448AF5A0064AA5E100FA37BD /* CHMDocument.h */,
				448AF5A1064AA5E100FA37BD /* CHMDocument.m */,
				448AF5AA064AE52F00FA37BD /* CHMWindowController.h */,
				448AF5AB064AE52F00FA37BD /* CHMWindowController.m */,
				442BB9D40653EB340041C2A9 /* CHMURLProtocol.h */,
				442BB9D50653EB340041C2A9 /* CHMURLProtocol.m */,
				442BBA2F0653ED630041C2A9 /* CHMContainer.h */,
				442BBA300653ED630041C2A9 /* CHMContainer.m */,
				44F984BD06576CA60076336E /* CHMTopic.h */,
				44F984BE06576CA60076336E /* CHMTopic.m */,
				44F984F8065774580076336E /* CHMTableOfContents.h */,
				44F984F9065774580076336E /* CHMTableOfContents.m */,
			);
			name = Classes;
			sourceTree = "<group>";
		};
		2A37F4AFFDCFA73011CA2CEA /* Other Sources */ = {
			isa = PBXGroup;
			children = (
				4494984B073D5A1700D8BC20 /* MacPAD */,
				44D7FFF0065A9C7B00D2B23E /* prefix.pch */,
				448AF6EF064AFCD900FA37BD /* chmlib */,
				2A37F4B0FDCFA73011CA2CEA /* main.m */,
			);
			name = "Other Sources";
			sourceTree = "<group>";
		};
		2A37F4B8FDCFA73011CA2CEA /* Resources */ = {
			isa = PBXGroup;
			children = (
				445DEACC07B4086C0008D692 /* Localizable.strings */,
				443EA40607B2DF6C00C46016 /* application.icns */,
				44949839073D56ED00D8BC20 /* MacPAD.plist */,
				44949779073D406800D8BC20 /* MacPAD.url */,
				44DA07230694985300777FAE /* LICENSE.txt */,
				448CC7E5068A2ED200F9B0DB /* LGPL.r */,
				443011D1067E65980054A7C5 /* segment-back.png */,
				443011D2067E65980054A7C5 /* segment-forward.png */,
				443011B4067E54140054A7C5 /* toolbar-smaller.png */,
				443011B5067E54140054A7C5 /* toolbar-drawer.png */,
				443011B6067E54140054A7C5 /* toolbar-bigger.png */,
				44B7AED10675301E00B51920 /* chmdoc.icns */,
				2A37F4B9FDCFA73011CA2CEA /* Credits.rtf */,
				2A37F4B6FDCFA73011CA2CEA /* MainMenu.nib */,
				2A37F4B4FDCFA73011CA2CEA /* CHMDocument.nib */,
				44B501C806A58D3300CE0A8E /* VersionChecker.nib */,
				8D15AC360486D014006FF6A4 /* Info.plist */,
				089C1660FE840EACC02AAC07 /* InfoPlist.strings */,
			);
			name = Resources;
			sourceTree = "<group>";
		};
		2A37F4C3FDCFA73011CA2CEA /* Frameworks */ = {
			isa = PBXGroup;
			children = (
				1058C7A6FEA54F5311CA2CBB /* Linked Frameworks */,
				1058C7A8FEA54F5311CA2CBB /* Other Frameworks */,
			);
			name = Frameworks;
			sourceTree = "<group>";
		};
		448AF6EF064AFCD900FA37BD /* chmlib */ = {
			isa = PBXGroup;
			children = (
				448AF6F9064AFD3500FA37BD /* chm_lib.c */,
				448AF6FA064AFD3500FA37BD /* chm_lib.h */,
				448AF6FB064AFD3500FA37BD /* lzx.c */,
				448AF6FC064AFD3500FA37BD /* lzx.h */,
			);
			path = chmlib;
			sourceTree = "<group>";
		};
		4494984B073D5A1700D8BC20 /* MacPAD */ = {
			isa = PBXGroup;
			children = (
				4494984C073D5A1700D8BC20 /* MacPADSocket.h */,
				4494984D073D5A1700D8BC20 /* MacPADSocket.m */,
			);
			path = MacPAD;
			sourceTree = SOURCE_ROOT;
		};
/* End PBXGroup section */

/* Begin PBXHeadersBuildPhase section */
		8D15AC280486D014006FF6A4 /* Headers */ = {
			isa = PBXHeadersBuildPhase;
			buildActionMask = 2147483647;
			files = (
				448AF5A2064AA5E100FA37BD /* CHMDocument.h in Headers */,
				448AF5AC064AE52F00FA37BD /* CHMWindowController.h in Headers */,
				448AF6FE064AFD3500FA37BD /* chm_lib.h in Headers */,
				448AF700064AFD3500FA37BD /* lzx.h in Headers */,
				442BB9D60653EB340041C2A9 /* CHMURLProtocol.h in Headers */,
				442BBA310653ED630041C2A9 /* CHMContainer.h in Headers */,
				44F984BF06576CA60076336E /* CHMTopic.h in Headers */,
				44F984FA065774580076336E /* CHMTableOfContents.h in Headers */,
				44B501B206A587BA00CE0A8E /* CHMVersionChecker.h in Headers */,
				44923A7A072C57E90070AA26 /* CHMApplication.h in Headers */,
				4494984E073D5A1700D8BC20 /* MacPADSocket.h in Headers */,
			);
			runOnlyForDeploymentPostprocessing = 0;
		};
/* End PBXHeadersBuildPhase section */

/* Begin PBXNativeTarget section */
		8D15AC270486D014006FF6A4 /* Chmox */ = {
			isa = PBXNativeTarget;
			buildConfigurationList = 03FA8F1F1569717300F31F2F /* Build configuration list for PBXNativeTarget "Chmox" */;
			buildPhases = (
				8D15AC280486D014006FF6A4 /* Headers */,
				8D15AC2B0486D014006FF6A4 /* Resources */,
				8D15AC300486D014006FF6A4 /* Sources */,
				8D15AC330486D014006FF6A4 /* Frameworks */,
			);
			buildRules = (
			);
			dependencies = (
			);
			name = Chmox;
			productInstallPath = "$(HOME)/Applications";
			productName = "CHM Viewer";
			productReference = 8D15AC370486D014006FF6A4 /* Chmox.app */;
			productType = "com.apple.product-type.application";
		};
/* End PBXNativeTarget section */

/* Begin PBXProject section */
		2A37F4A9FDCFA73011CA2CEA /* Project object */ = {
			isa = PBXProject;
			buildConfigurationList = 03FA8F1E1569717300F31F2F /* Build configuration list for PBXProject "chmox" */;
			compatibilityVersion = "Xcode 2.4";
			developmentRegion = English;
			hasScannedForEncodings = 1;
			knownRegions = (
				English,
				Japanese,
				French,
				German,
				Italian,
				Persian,
				Farsi,
			);
			mainGroup = 2A37F4AAFDCFA73011CA2CEA /* Chmox */;
			projectDirPath = "";
			projectRoot = "";
			targets = (
				8D15AC270486D014006FF6A4 /* Chmox */,
			);
		};
/* End PBXProject section */

/* Begin PBXResourcesBuildPhase section */
		8D15AC2B0486D014006FF6A4 /* Resources */ = {
			isa = PBXResourcesBuildPhase;
			buildActionMask = 2147483647;
			files = (
				8D15AC2C0486D014006FF6A4 /* Credits.rtf in Resources */,
				8D15AC2D0486D014006FF6A4 /* MainMenu.nib in Resources */,
				8D15AC2E0486D014006FF6A4 /* CHMDocument.nib in Resources */,
				445DEAC507B408380008D692 /* InfoPlist.strings in Resources */,
				44B7AED20675301E00B51920 /* chmdoc.icns in Resources */,
				443011B7067E54140054A7C5 /* toolbar-smaller.png in Resources */,
				443011B8067E54140054A7C5 /* toolbar-drawer.png in Resources */,
				443011B9067E54140054A7C5 /* toolbar-bigger.png in Resources */,
				443011D3067E65980054A7C5 /* segment-back.png in Resources */,
				443011D4067E65980054A7C5 /* segment-forward.png in Resources */,
				44B501C906A58D3300CE0A8E /* VersionChecker.nib in Resources */,
				4494977A073D406800D8BC20 /* MacPAD.url in Resources */,
				443EA40707B2DF6C00C46016 /* application.icns in Resources */,
				445DEACD07B4086C0008D692 /* Localizable.strings in Resources */,
			);
			runOnlyForDeploymentPostprocessing = 0;
		};
/* End PBXResourcesBuildPhase section */

/* Begin PBXSourcesBuildPhase section */
		8D15AC300486D014006FF6A4 /* Sources */ = {
			isa = PBXSourcesBuildPhase;
			buildActionMask = 2147483647;
			files = (
				8D15AC320486D014006FF6A4 /* main.m in Sources */,
				448AF5A3064AA5E100FA37BD /* CHMDocument.m in Sources */,
				448AF5AD064AE52F00FA37BD /* CHMWindowController.m in Sources */,
				448AF6FD064AFD3500FA37BD /* chm_lib.c in Sources */,
				448AF6FF064AFD3500FA37BD /* lzx.c in Sources */,
				442BB9D70653EB340041C2A9 /* CHMURLProtocol.m in Sources */,
				442BBA320653ED630041C2A9 /* CHMContainer.m in Sources */,
				44F984C006576CA60076336E /* CHMTopic.m in Sources */,
				44F984FB065774580076336E /* CHMTableOfContents.m in Sources */,
				44B501B306A587BA00CE0A8E /* CHMVersionChecker.m in Sources */,
				44923A7B072C57E90070AA26 /* CHMApplication.m in Sources */,
				4494984F073D5A1700D8BC20 /* MacPADSocket.m in Sources */,
			);
			runOnlyForDeploymentPostprocessing = 0;
		};
/* End PBXSourcesBuildPhase section */

/* Begin PBXVariantGroup section */
		2A37F4B4FDCFA73011CA2CEA /* CHMDocument.nib */ = {
			isa = PBXVariantGroup;
			children = (
				2A37F4B5FDCFA73011CA2CEA /* English */,
				445DEAF707B42A4A0008D692 /* German */,
				4410438D07B4F83D00B3D4B9 /* French */,
				44C8E71707B8267200F5DADD /* Italian */,
				4492A06807BF9896007B237D /* Farsi */,
			);
			name = CHMDocument.nib;
			sourceTree = "<group>";
		};
		2A37F4B6FDCFA73011CA2CEA /* MainMenu.nib */ = {
			isa = PBXVariantGroup;
			children = (
				2A37F4B7FDCFA73011CA2CEA /* English */,
				445DEAF907B42BAE0008D692 /* German */,
				4410436C07B4F11900B3D4B9 /* French */,
				44C8E70E07B825EC00F5DADD /* Italian */,
				4492A06707BF988B007B237D /* Farsi */,
			);
			name = MainMenu.nib;
			sourceTree = "<group>";
		};
		2A37F4B9FDCFA73011CA2CEA /* Credits.rtf */ = {
			isa = PBXVariantGroup;
			children = (
				2A37F4BAFDCFA73011CA2CEA /* English */,
				44D62F6906D94D5500C6711F /* French */,
				44916E9C07B97CED0095F0CE /* Italian */,
				4492A06607BF9876007B237D /* Farsi */,
			);
			name = Credits.rtf;
			sourceTree = "<group>";
		};
		445DEACC07B4086C0008D692 /* Localizable.strings */ = {
			isa = PBXVariantGroup;
			children = (
				445DEACA07B4085C0008D692 /* English */,
				445DEAD907B409900008D692 /* French */,
				445DEAEB07B40A9F0008D692 /* German */,
				44B8E1B807B8245D002BF574 /* Italian */,
				4492A06A07BF98B1007B237D /* Farsi */,
			);
			name = Localizable.strings;
			sourceTree = "<group>";
		};
		44B501C806A58D3300CE0A8E /* VersionChecker.nib */ = {
			isa = PBXVariantGroup;
			children = (
				44B501B606A5885E00CE0A8E /* English */,
				44A67DE00742A04300D4714F /* French */,
				445DEAF307B427460008D692 /* German */,
				44C8E71807B8267F00F5DADD /* Italian */,
				4492A06907BF989E007B237D /* Farsi */,
			);
			name = VersionChecker.nib;
			sourceTree = "<group>";
		};
/* End PBXVariantGroup section */

/* Begin XCBuildConfiguration section */
		03FA8F181569717300F31F2F /* Development */ = {
			isa = XCBuildConfiguration;
			buildSettings = {
			};
			name = Development;
		};
		03FA8F191569717300F31F2F /* Deployment */ = {
			isa = XCBuildConfiguration;
			buildSettings = {
			};
			name = Deployment;
		};
		03FA8F1A1569717300F31F2F /* Default */ = {
			isa = XCBuildConfiguration;
			buildSettings = {
			};
			name = Default;
		};
		03FA8F1B1569717300F31F2F /* Development */ = {
			isa = XCBuildConfiguration;
			buildSettings = {
				COPY_PHASE_STRIP = NO;
				DEBUGGING_SYMBOLS = YES;
				DEPLOYMENT_LOCATION = NO;
				DEPLOYMENT_POSTPROCESSING = NO;
				DSTROOT = /;
				FRAMEWORK_SEARCH_PATHS = "";
				GCC_C_LANGUAGE_STANDARD = gnu99;
				GCC_DEBUGGING_SYMBOLS = full;
				GCC_DYNAMIC_NO_PIC = NO;
				GCC_ENABLE_CPP_EXCEPTIONS = NO;
				GCC_ENABLE_CPP_RTTI = NO;
				GCC_ENABLE_FIX_AND_CONTINUE = YES;
				GCC_ENABLE_OBJC_EXCEPTIONS = YES;
				GCC_ENABLE_TRIGRAPHS = NO;
				GCC_GENERATE_DEBUGGING_SYMBOLS = YES;
				GCC_OPTIMIZATION_LEVEL = 0;
				GCC_PRECOMPILE_PREFIX_HEADER = YES;
				GCC_PREFIX_HEADER = prefix.pch;
				GCC_PREPROCESSOR_DEFINITIONS = (
					CHM_USE_PREAD,
					CHM_MT,
				);
				GCC_WARN_ABOUT_MISSING_PROTOTYPES = NO;
				GCC_WARN_EFFECTIVE_CPLUSPLUS_VIOLATIONS = YES;
				GCC_WARN_FOUR_CHARACTER_CONSTANTS = NO;
				GCC_WARN_SHADOW = YES;
				GCC_WARN_UNKNOWN_PRAGMAS = NO;
				HEADER_SEARCH_PATHS = (
					"$(HEADER_SEARCH_PATHS_QUOTED_FOR_TARGET_1)",
					"$(HEADER_SEARCH_PATHS_QUOTED_FOR_TARGET_2)",
				);
				HEADER_SEARCH_PATHS_QUOTED_FOR_TARGET_1 = "\"/opt/local/include/libxml2\"";
				HEADER_SEARCH_PATHS_QUOTED_FOR_TARGET_2 = "\"@PREFIX@/include\"";
				INFOPLIST_FILE = Info.plist;
				INSTALL_PATH = "$(HOME)/Applications";
				LIBRARY_SEARCH_PATHS = "";
				MACOSX_DEPLOYMENT_TARGET = 10.3;
				OTHER_CFLAGS = "-DDEBUG_MODE";
				OTHER_LDFLAGS = (
					"-lxml2",
					"-lcrypto",
				);
				PRODUCT_NAME = Chmox;
				SECTORDER_FLAGS = "";
				SKIP_INSTALL = NO;
				UNSTRIPPED_PRODUCT = NO;
				WARNING_CFLAGS = (
					"-Wmost",
					"-Wno-four-char-constants",
					"-Wno-unknown-pragmas",
				);
				WRAPPER_EXTENSION = app;
				ZERO_LINK = YES;
			};
			name = Development;
		};
		03FA8F1C1569717300F31F2F /* Deployment */ = {
			isa = XCBuildConfiguration;
			buildSettings = {
				COPY_PHASE_STRIP = YES;
				DEPLOYMENT_LOCATION = YES;
				DEPLOYMENT_POSTPROCESSING = YES;
				DSTROOT = /;
				FRAMEWORK_SEARCH_PATHS = "";
				GCC_C_LANGUAGE_STANDARD = gnu99;
				GCC_ENABLE_CPP_EXCEPTIONS = NO;
				GCC_ENABLE_CPP_RTTI = NO;
				GCC_ENABLE_FIX_AND_CONTINUE = NO;
				GCC_ENABLE_OBJC_EXCEPTIONS = YES;
				GCC_ENABLE_TRIGRAPHS = NO;
				GCC_GENERATE_DEBUGGING_SYMBOLS = NO;
				GCC_OPTIMIZATION_LEVEL = 3;
				GCC_PRECOMPILE_PREFIX_HEADER = YES;
				GCC_PREFIX_HEADER = prefix.pch;
				GCC_PREPROCESSOR_DEFINITIONS = (
					CHM_USE_PREAD,
					CHM_MT,
				);
				GCC_WARN_ABOUT_MISSING_PROTOTYPES = NO;
				GCC_WARN_EFFECTIVE_CPLUSPLUS_VIOLATIONS = YES;
				GCC_WARN_FOUR_CHARACTER_CONSTANTS = NO;
				GCC_WARN_SHADOW = YES;
				GCC_WARN_UNKNOWN_PRAGMAS = NO;
				HEADER_SEARCH_PATHS = (
					"$(HEADER_SEARCH_PATHS_QUOTED_FOR_TARGET_1)",
					"$(HEADER_SEARCH_PATHS_QUOTED_FOR_TARGET_2)",
				);
				HEADER_SEARCH_PATHS_QUOTED_FOR_TARGET_1 = "\"/opt/local/include/libxml2\"";
				HEADER_SEARCH_PATHS_QUOTED_FOR_TARGET_2 = "\"@PREFIX@/include\"";
				INFOPLIST_FILE = Info.plist;
				INSTALL_PATH = $HOME/Applications;
				LIBRARY_SEARCH_PATHS = "";
				MACOSX_DEPLOYMENT_TARGET = 10.3;
				OTHER_LDFLAGS = (
					"-lxml2",
					"-lcrypto",
				);
				PRODUCT_NAME = Chmox;
				SECTORDER_FLAGS = "";
				SKIP_INSTALL = NO;
				UNSTRIPPED_PRODUCT = NO;
				WARNING_CFLAGS = (
					"-Wmost",
					"-Wno-four-char-constants",
					"-Wno-unknown-pragmas",
				);
				WRAPPER_EXTENSION = app;
				ZERO_LINK = NO;
			};
			name = Deployment;
		};
		03FA8F1D1569717300F31F2F /* Default */ = {
			isa = XCBuildConfiguration;
			buildSettings = {
				DEPLOYMENT_LOCATION = NO;
				DEPLOYMENT_POSTPROCESSING = NO;
				DSTROOT = /;
				FRAMEWORK_SEARCH_PATHS = "";
				GCC_C_LANGUAGE_STANDARD = gnu99;
				GCC_ENABLE_CPP_EXCEPTIONS = NO;
				GCC_ENABLE_CPP_RTTI = NO;
				GCC_ENABLE_OBJC_EXCEPTIONS = YES;
				GCC_ENABLE_TRIGRAPHS = NO;
				GCC_GENERATE_DEBUGGING_SYMBOLS = NO;
				GCC_OPTIMIZATION_LEVEL = 3;
				GCC_PRECOMPILE_PREFIX_HEADER = YES;
				GCC_PREFIX_HEADER = prefix.pch;
				GCC_PREPROCESSOR_DEFINITIONS = (
					CHM_USE_PREAD,
					CHM_MT,
				);
				GCC_WARN_ABOUT_MISSING_PROTOTYPES = NO;
				GCC_WARN_EFFECTIVE_CPLUSPLUS_VIOLATIONS = YES;
				GCC_WARN_FOUR_CHARACTER_CONSTANTS = NO;
				GCC_WARN_SHADOW = YES;
				GCC_WARN_UNKNOWN_PRAGMAS = NO;
				HEADER_SEARCH_PATHS = (
					"$(HEADER_SEARCH_PATHS_QUOTED_FOR_TARGET_1)",
					"$(HEADER_SEARCH_PATHS_QUOTED_FOR_TARGET_2)",
				);
				HEADER_SEARCH_PATHS_QUOTED_FOR_TARGET_1 = "\"/opt/local/include/libxml2\"";
				HEADER_SEARCH_PATHS_QUOTED_FOR_TARGET_2 = "\"@PREFIX@/include\"";
				INFOPLIST_FILE = Info.plist;
				INSTALL_PATH = "$(HOME)/Applications";
				LIBRARY_SEARCH_PATHS = "";
				MACOSX_DEPLOYMENT_TARGET = 10.3;
				OTHER_LDFLAGS = (
					"-lxml2",
					"-lcrypto",
				);
				PRODUCT_NAME = Chmox;
				SECTORDER_FLAGS = "";
				SKIP_INSTALL = NO;
				UNSTRIPPED_PRODUCT = NO;
				WARNING_CFLAGS = (
					"-Wmost",
					"-Wno-four-char-constants",
					"-Wno-unknown-pragmas",
				);
				WRAPPER_EXTENSION = app;
			};
			name = Default;
		};
/* End XCBuildConfiguration section */

/* Begin XCConfigurationList section */
		03FA8F1E1569717300F31F2F /* Build configuration list for PBXProject "chmox" */ = {
			isa = XCConfigurationList;
			buildConfigurations = (
				03FA8F181569717300F31F2F /* Development */,
				03FA8F191569717300F31F2F /* Deployment */,
				03FA8F1A1569717300F31F2F /* Default */,
			);
			defaultConfigurationIsVisible = 0;
			defaultConfigurationName = Default;
		};
		03FA8F1F1569717300F31F2F /* Build configuration list for PBXNativeTarget "Chmox" */ = {
			isa = XCConfigurationList;
			buildConfigurations = (
				03FA8F1B1569717300F31F2F /* Development */,
				03FA8F1C1569717300F31F2F /* Deployment */,
				03FA8F1D1569717300F31F2F /* Default */,
			);
			defaultConfigurationIsVisible = 0;
			defaultConfigurationName = Default;
		};
/* End XCConfigurationList section */
	};
	rootObject = 2A37F4A9FDCFA73011CA2CEA /* Project object */;
}
