--- OSXvnc.xcodeproj-orig/project.pbxproj	2006-11-21 12:19:21.000000000 -0600
+++ OSXvnc.xcodeproj/project.pbxproj	2007-05-09 00:11:45.000000000 -0500
@@ -1081,7 +1081,7 @@
 			);
 			runOnlyForDeploymentPostprocessing = 1;
 			shellPath = /bin/sh;
-			shellScript = "# This removes any re-link reference to the $INSTALL_DIR\nrm -f \"$INSTALL_DIR/$PRODUCT_NAME.app/$PRODUCT_NAME.app\"\n# UDIF\nhdiutil create -ov -format UDZO -imagekey zlib-level=9 -srcfolder \"$INSTALL_DIR\" \"$INSTALL_DIR/../$PRODUCT_NAME.dmg\";\nhdiutil internet-enable \"$INSTALL_DIR/../$PRODUCT_NAME.dmg\"\n";
+			shellScript = "# This removes any re-link reference to the $INSTALL_DIR\nrm -f \"$INSTALL_DIR/$PRODUCT_NAME.app/$PRODUCT_NAME.app\"\n";
 		};
 /* End PBXShellScriptBuildPhase section */
 
@@ -1491,16 +1491,13 @@
 			isa = XCBuildConfiguration;
 			buildSettings = {
 				COPY_PHASE_STRIP = NO;
-				DEPLOYMENT_LOCATION = YES;
-				DEPLOYMENT_POSTPROCESSING = YES;
-				DSTROOT = /tmp;
 				GCC_DYNAMIC_NO_PIC = YES;
 				GCC_ENABLE_FIX_AND_CONTINUE = NO;
 				GCC_OPTIMIZATION_LEVEL = s;
 				INFOPLIST_FILE = "Info-OSXvnc.plist";
 				INSTALL_MODE_FLAG = "a+rwX";
 				INSTALL_PATH = "/Vine Server/";
-				MACOSX_DEPLOYMENT_TARGET = 10.1;
+				MACOSX_DEPLOYMENT_TARGET = 10.2;
 				PRODUCT_NAME = "Vine Server";
 				WARNING_CFLAGS = (
 					"-Wmost",
