--- OSXvnc.pbproj/project.pbxproj.orig	Wed Feb  2 10:31:48 2005
+++ OSXvnc.pbproj/project.pbxproj	Wed Feb  2 15:26:58 2005
@@ -382,12 +382,9 @@
 		4A9504D4FFE6A4CB11CA0CBA = {
 			buildSettings = {
 				COPY_PHASE_STRIP = YES;
-				DEPLOYMENT_LOCATION = YES;
-				DEPLOYMENT_POSTPROCESSING = YES;
-				DSTROOT = /tmp;
 				GCC_ENABLE_FIX_AND_CONTINUE = NO;
 				INSTALL_MODE_FLAG = "a+rwX";
-				MACOSX_DEPLOYMENT_TARGET = 10.1;
+				MACOSX_DEPLOYMENT_TARGET = 10.2;
 				MAC_OS_X_VERSION_MIN_REQUIRED = "";
 				REMOVE_CVS_FROM_RESOURCES = YES;
 				ZERO_LINK = NO;
