// !$*UTF8*$!
{
	archiveVersion = 1;
	classes = {
	};
	objectVersion = 42;
	objects = {

/* Begin PBXBuildFile section */
		03579FE81461F9BC00809562 /* Channel.h in Headers */ = {isa = PBXBuildFile; fileRef = F560D31E028F1C5F01FC7685 /* Channel.h */; };
		03579FE91461F9BC00809562 /* Constants.h in Headers */ = {isa = PBXBuildFile; fileRef = F560D31F028F1C5F01FC7685 /* Constants.h */; };
		03579FEA1461F9BC00809562 /* Element.h in Headers */ = {isa = PBXBuildFile; fileRef = F560D320028F1C5F01FC7685 /* Element.h */; };
		03579FEB1461F9BC00809562 /* ExtendedTableColumn.h in Headers */ = {isa = PBXBuildFile; fileRef = F560D321028F1C5F01FC7685 /* ExtendedTableColumn.h */; };
		03579FEC1461F9BC00809562 /* ExtendedTableView.h in Headers */ = {isa = PBXBuildFile; fileRef = F560D322028F1C5F01FC7685 /* ExtendedTableView.h */; };
		03579FED1461F9BC00809562 /* LabelWidget.h in Headers */ = {isa = PBXBuildFile; fileRef = F560D323028F1C5F01FC7685 /* LabelWidget.h */; };
		03579FEE1461F9BC00809562 /* NSStringExtensions.h in Headers */ = {isa = PBXBuildFile; fileRef = F560D324028F1C5F01FC7685 /* NSStringExtensions.h */; };
		03579FEF1461F9BC00809562 /* Plop.h in Headers */ = {isa = PBXBuildFile; fileRef = F560D325028F1C5F01FC7685 /* Plop.h */; };
		03579FF01461F9BC00809562 /* PlopFolio.h in Headers */ = {isa = PBXBuildFile; fileRef = F560D326028F1C5F01FC7685 /* PlopFolio.h */; };
		03579FF11461F9BC00809562 /* PlopView.h in Headers */ = {isa = PBXBuildFile; fileRef = F560D327028F1C5F01FC7685 /* PlopView.h */; };
		03579FF21461F9BC00809562 /* PlopWindow.h in Headers */ = {isa = PBXBuildFile; fileRef = F560D328028F1C5F01FC7685 /* PlopWindow.h */; };
		03579FF31461F9BC00809562 /* PlopWindowController.h in Headers */ = {isa = PBXBuildFile; fileRef = F560D329028F1C5F01FC7685 /* PlopWindowController.h */; };
		03579FF41461F9BC00809562 /* PreferencesPanelController.h in Headers */ = {isa = PBXBuildFile; fileRef = F560D32B028F1C5F01FC7685 /* PreferencesPanelController.h */; };
		03579FF51461F9BC00809562 /* ConfigureWindowController.h in Headers */ = {isa = PBXBuildFile; fileRef = F51F11A80291ECD80191E54B /* ConfigureWindowController.h */; };
		03579FF71461F9BC00809562 /* MainMenu.nib in Resources */ = {isa = PBXBuildFile; fileRef = 29B97318FDCFA39411CA2CEA /* MainMenu.nib */; };
		03579FF81461F9BC00809562 /* InfoPlist.strings in Resources */ = {isa = PBXBuildFile; fileRef = 089C165CFE840E0CC02AAC07 /* InfoPlist.strings */; };
		03579FF91461F9BC00809562 /* PlopFolio.tiff in Resources */ = {isa = PBXBuildFile; fileRef = F560D318028F1B1701FC7685 /* PlopFolio.tiff */; };
		03579FFA1461F9BC00809562 /* PreferencesPanel.nib in Resources */ = {isa = PBXBuildFile; fileRef = F560D33A028F1ED801FC7685 /* PreferencesPanel.nib */; };
		03579FFB1461F9BC00809562 /* ConfigureWindow.nib in Resources */ = {isa = PBXBuildFile; fileRef = F51F11AB0291EDC40191E54B /* ConfigureWindow.nib */; };
		03579FFC1461F9BC00809562 /* reload.tiff in Resources */ = {isa = PBXBuildFile; fileRef = F53C9DFC0295BAF9019D8799 /* reload.tiff */; };
		03579FFD1461F9BC00809562 /* anim1.tiff in Resources */ = {isa = PBXBuildFile; fileRef = F51A78200295D3560179FD10 /* anim1.tiff */; };
		03579FFE1461F9BC00809562 /* anim2.tiff in Resources */ = {isa = PBXBuildFile; fileRef = F51A78210295D3560179FD10 /* anim2.tiff */; };
		03579FFF1461F9BC00809562 /* anim3.tiff in Resources */ = {isa = PBXBuildFile; fileRef = F51A78220295D3560179FD10 /* anim3.tiff */; };
		0357A0001461F9BC00809562 /* anim4.tiff in Resources */ = {isa = PBXBuildFile; fileRef = F51A78230295D3560179FD10 /* anim4.tiff */; };
		0357A0011461F9BC00809562 /* anim5.tiff in Resources */ = {isa = PBXBuildFile; fileRef = F51A78240295D3560179FD10 /* anim5.tiff */; };
		0357A0021461F9BC00809562 /* anim6.tiff in Resources */ = {isa = PBXBuildFile; fileRef = F51A78250295D3560179FD10 /* anim6.tiff */; };
		0357A0031461F9BC00809562 /* anim7.tiff in Resources */ = {isa = PBXBuildFile; fileRef = F51A78260295D3560179FD10 /* anim7.tiff */; };
		0357A0041461F9BC00809562 /* anim8.tiff in Resources */ = {isa = PBXBuildFile; fileRef = F51A78270295D3560179FD10 /* anim8.tiff */; };
		0357A0051461F9BC00809562 /* anim9.tiff in Resources */ = {isa = PBXBuildFile; fileRef = F51A78280295D3560179FD10 /* anim9.tiff */; };
		0357A0061461F9BC00809562 /* anim10.tiff in Resources */ = {isa = PBXBuildFile; fileRef = F51A78290295D3560179FD10 /* anim10.tiff */; };
		0357A0071461F9BC00809562 /* anim11.tiff in Resources */ = {isa = PBXBuildFile; fileRef = F51A782A0295D3560179FD10 /* anim11.tiff */; };
		0357A0081461F9BC00809562 /* resize.tiff in Resources */ = {isa = PBXBuildFile; fileRef = F51A782B0295D3560179FD10 /* resize.tiff */; };
		0357A0091461F9BC00809562 /* anim12.tiff in Resources */ = {isa = PBXBuildFile; fileRef = F51B6B9C0296899201697E7E /* anim12.tiff */; };
		0357A00A1461F9BC00809562 /* anim13.tiff in Resources */ = {isa = PBXBuildFile; fileRef = F51B6B9D0296899201697E7E /* anim13.tiff */; };
		0357A00B1461F9BC00809562 /* anim14.tiff in Resources */ = {isa = PBXBuildFile; fileRef = F51B6B9E0296899201697E7E /* anim14.tiff */; };
		0357A00C1461F9BC00809562 /* anim15.tiff in Resources */ = {isa = PBXBuildFile; fileRef = F51B6B9F0296899201697E7E /* anim15.tiff */; };
		0357A00D1461F9BC00809562 /* anim16.tiff in Resources */ = {isa = PBXBuildFile; fileRef = F51B6BA00296899201697E7E /* anim16.tiff */; };
		0357A00E1461F9BC00809562 /* stop.tiff in Resources */ = {isa = PBXBuildFile; fileRef = F51B6BA10296899201697E7E /* stop.tiff */; };
		0357A0101461F9BC00809562 /* Channel.m in Sources */ = {isa = PBXBuildFile; fileRef = F560D2FB028F1ADA01FC7685 /* Channel.m */; };
		0357A0111461F9BC00809562 /* Constants.m in Sources */ = {isa = PBXBuildFile; fileRef = F560D2FC028F1ADA01FC7685 /* Constants.m */; };
		0357A0121461F9BC00809562 /* Element.m in Sources */ = {isa = PBXBuildFile; fileRef = F560D2FD028F1ADA01FC7685 /* Element.m */; };
		0357A0131461F9BC00809562 /* ExtendedTableColumn.m in Sources */ = {isa = PBXBuildFile; fileRef = F560D2FE028F1ADA01FC7685 /* ExtendedTableColumn.m */; };
		0357A0141461F9BC00809562 /* ExtendedTableView.m in Sources */ = {isa = PBXBuildFile; fileRef = F560D2FF028F1ADA01FC7685 /* ExtendedTableView.m */; };
		0357A0151461F9BC00809562 /* LabelWidget.m in Sources */ = {isa = PBXBuildFile; fileRef = F560D300028F1ADA01FC7685 /* LabelWidget.m */; };
		0357A0161461F9BC00809562 /* NSStringExtensions.m in Sources */ = {isa = PBXBuildFile; fileRef = F560D301028F1ADA01FC7685 /* NSStringExtensions.m */; };
		0357A0171461F9BC00809562 /* Plop.m in Sources */ = {isa = PBXBuildFile; fileRef = F560D302028F1ADA01FC7685 /* Plop.m */; };
		0357A0181461F9BC00809562 /* PlopFolio.m in Sources */ = {isa = PBXBuildFile; fileRef = F560D303028F1ADA01FC7685 /* PlopFolio.m */; };
		0357A0191461F9BC00809562 /* PlopView.m in Sources */ = {isa = PBXBuildFile; fileRef = F560D304028F1ADA01FC7685 /* PlopView.m */; };
		0357A01A1461F9BC00809562 /* PlopWindow.m in Sources */ = {isa = PBXBuildFile; fileRef = F560D305028F1ADA01FC7685 /* PlopWindow.m */; };
		0357A01B1461F9BC00809562 /* PlopWindowController.m in Sources */ = {isa = PBXBuildFile; fileRef = F560D306028F1ADA01FC7685 /* PlopWindowController.m */; };
		0357A01C1461F9BC00809562 /* PreferencesPanelController.m in Sources */ = {isa = PBXBuildFile; fileRef = F560D308028F1ADA01FC7685 /* PreferencesPanelController.m */; };
		0357A01D1461F9BC00809562 /* ConfigureWindowController.m in Sources */ = {isa = PBXBuildFile; fileRef = F51F11A70291ECD80191E54B /* ConfigureWindowController.m */; };
		0357A01F1461F9BC00809562 /* Cocoa.framework in Frameworks */ = {isa = PBXBuildFile; fileRef = 1058C7A1FEA54F0111CA2CBB /* Cocoa.framework */; };
		0357A0201461F9BC00809562 /* CoreServices.framework in Frameworks */ = {isa = PBXBuildFile; fileRef = F560D33D028F22C601FC7685 /* CoreServices.framework */; };
/* End PBXBuildFile section */

/* Begin PBXFileReference section */
		0357A0251461F9BC00809562 /* Info-PlopFolio.plist */ = {isa = PBXFileReference; lastKnownFileType = text.plist.xml; path = "Info-PlopFolio.plist"; sourceTree = "<group>"; };
		0357A0261461F9BC00809562 /* PlopFolio.app */ = {isa = PBXFileReference; explicitFileType = wrapper.application; includeInIndex = 0; path = PlopFolio.app; sourceTree = BUILT_PRODUCTS_DIR; };
		089C165DFE840E0CC02AAC07 /* English */ = {isa = PBXFileReference; fileEncoding = 10; lastKnownFileType = text.plist.strings; name = English; path = English.lproj/InfoPlist.strings; sourceTree = "<group>"; };
		1058C7A1FEA54F0111CA2CBB /* Cocoa.framework */ = {isa = PBXFileReference; lastKnownFileType = wrapper.framework; name = Cocoa.framework; path = /System/Library/Frameworks/Cocoa.framework; sourceTree = "<absolute>"; };
		29B97319FDCFA39411CA2CEA /* English */ = {isa = PBXFileReference; lastKnownFileType = wrapper.nib; name = English; path = English.lproj/MainMenu.nib; sourceTree = "<group>"; };
		29B97324FDCFA39411CA2CEA /* AppKit.framework */ = {isa = PBXFileReference; lastKnownFileType = wrapper.framework; name = AppKit.framework; path = /System/Library/Frameworks/AppKit.framework; sourceTree = "<absolute>"; };
		29B97325FDCFA39411CA2CEA /* Foundation.framework */ = {isa = PBXFileReference; lastKnownFileType = wrapper.framework; name = Foundation.framework; path = /System/Library/Frameworks/Foundation.framework; sourceTree = "<absolute>"; };
		F51A78200295D3560179FD10 /* anim1.tiff */ = {isa = PBXFileReference; lastKnownFileType = image.tiff; name = anim1.tiff; path = Images/anim1.tiff; sourceTree = "<group>"; };
		F51A78210295D3560179FD10 /* anim2.tiff */ = {isa = PBXFileReference; lastKnownFileType = image.tiff; name = anim2.tiff; path = Images/anim2.tiff; sourceTree = "<group>"; };
		F51A78220295D3560179FD10 /* anim3.tiff */ = {isa = PBXFileReference; lastKnownFileType = image.tiff; name = anim3.tiff; path = Images/anim3.tiff; sourceTree = "<group>"; };
		F51A78230295D3560179FD10 /* anim4.tiff */ = {isa = PBXFileReference; lastKnownFileType = image.tiff; name = anim4.tiff; path = Images/anim4.tiff; sourceTree = "<group>"; };
		F51A78240295D3560179FD10 /* anim5.tiff */ = {isa = PBXFileReference; lastKnownFileType = image.tiff; name = anim5.tiff; path = Images/anim5.tiff; sourceTree = "<group>"; };
		F51A78250295D3560179FD10 /* anim6.tiff */ = {isa = PBXFileReference; lastKnownFileType = image.tiff; name = anim6.tiff; path = Images/anim6.tiff; sourceTree = "<group>"; };
		F51A78260295D3560179FD10 /* anim7.tiff */ = {isa = PBXFileReference; lastKnownFileType = image.tiff; name = anim7.tiff; path = Images/anim7.tiff; sourceTree = "<group>"; };
		F51A78270295D3560179FD10 /* anim8.tiff */ = {isa = PBXFileReference; lastKnownFileType = image.tiff; name = anim8.tiff; path = Images/anim8.tiff; sourceTree = "<group>"; };
		F51A78280295D3560179FD10 /* anim9.tiff */ = {isa = PBXFileReference; lastKnownFileType = image.tiff; name = anim9.tiff; path = Images/anim9.tiff; sourceTree = "<group>"; };
		F51A78290295D3560179FD10 /* anim10.tiff */ = {isa = PBXFileReference; lastKnownFileType = image.tiff; name = anim10.tiff; path = Images/anim10.tiff; sourceTree = "<group>"; };
		F51A782A0295D3560179FD10 /* anim11.tiff */ = {isa = PBXFileReference; lastKnownFileType = image.tiff; name = anim11.tiff; path = Images/anim11.tiff; sourceTree = "<group>"; };
		F51A782B0295D3560179FD10 /* resize.tiff */ = {isa = PBXFileReference; lastKnownFileType = image.tiff; name = resize.tiff; path = Images/resize.tiff; sourceTree = "<group>"; };
		F51B6B9C0296899201697E7E /* anim12.tiff */ = {isa = PBXFileReference; lastKnownFileType = image.tiff; name = anim12.tiff; path = Images/anim12.tiff; sourceTree = "<group>"; };
		F51B6B9D0296899201697E7E /* anim13.tiff */ = {isa = PBXFileReference; lastKnownFileType = image.tiff; name = anim13.tiff; path = Images/anim13.tiff; sourceTree = "<group>"; };
		F51B6B9E0296899201697E7E /* anim14.tiff */ = {isa = PBXFileReference; lastKnownFileType = image.tiff; name = anim14.tiff; path = Images/anim14.tiff; sourceTree = "<group>"; };
		F51B6B9F0296899201697E7E /* anim15.tiff */ = {isa = PBXFileReference; lastKnownFileType = image.tiff; name = anim15.tiff; path = Images/anim15.tiff; sourceTree = "<group>"; };
		F51B6BA00296899201697E7E /* anim16.tiff */ = {isa = PBXFileReference; lastKnownFileType = image.tiff; name = anim16.tiff; path = Images/anim16.tiff; sourceTree = "<group>"; };
		F51B6BA10296899201697E7E /* stop.tiff */ = {isa = PBXFileReference; lastKnownFileType = image.tiff; name = stop.tiff; path = Images/stop.tiff; sourceTree = "<group>"; };
		F51F11A70291ECD80191E54B /* ConfigureWindowController.m */ = {isa = PBXFileReference; lastKnownFileType = sourcecode.c.objc; path = ConfigureWindowController.m; sourceTree = "<group>"; };
		F51F11A80291ECD80191E54B /* ConfigureWindowController.h */ = {isa = PBXFileReference; lastKnownFileType = sourcecode.c.h; path = ConfigureWindowController.h; sourceTree = "<group>"; };
		F51F11AC0291EDC40191E54B /* English */ = {isa = PBXFileReference; lastKnownFileType = wrapper.nib; name = English; path = English.lproj/ConfigureWindow.nib; sourceTree = "<group>"; };
		F53C9DFC0295BAF9019D8799 /* reload.tiff */ = {isa = PBXFileReference; lastKnownFileType = image.tiff; name = reload.tiff; path = Images/reload.tiff; sourceTree = "<group>"; };
		F560D2FB028F1ADA01FC7685 /* Channel.m */ = {isa = PBXFileReference; lastKnownFileType = sourcecode.c.objc; path = Channel.m; sourceTree = "<group>"; };
		F560D2FC028F1ADA01FC7685 /* Constants.m */ = {isa = PBXFileReference; lastKnownFileType = sourcecode.c.objc; path = Constants.m; sourceTree = "<group>"; };
		F560D2FD028F1ADA01FC7685 /* Element.m */ = {isa = PBXFileReference; lastKnownFileType = sourcecode.c.objc; path = Element.m; sourceTree = "<group>"; };
		F560D2FE028F1ADA01FC7685 /* ExtendedTableColumn.m */ = {isa = PBXFileReference; lastKnownFileType = sourcecode.c.objc; path = ExtendedTableColumn.m; sourceTree = "<group>"; };
		F560D2FF028F1ADA01FC7685 /* ExtendedTableView.m */ = {isa = PBXFileReference; lastKnownFileType = sourcecode.c.objc; path = ExtendedTableView.m; sourceTree = "<group>"; };
		F560D300028F1ADA01FC7685 /* LabelWidget.m */ = {isa = PBXFileReference; lastKnownFileType = sourcecode.c.objc; path = LabelWidget.m; sourceTree = "<group>"; };
		F560D301028F1ADA01FC7685 /* NSStringExtensions.m */ = {isa = PBXFileReference; lastKnownFileType = sourcecode.c.objc; path = NSStringExtensions.m; sourceTree = "<group>"; };
		F560D302028F1ADA01FC7685 /* Plop.m */ = {isa = PBXFileReference; lastKnownFileType = sourcecode.c.objc; path = Plop.m; sourceTree = "<group>"; };
		F560D303028F1ADA01FC7685 /* PlopFolio.m */ = {isa = PBXFileReference; lastKnownFileType = sourcecode.c.objc; path = PlopFolio.m; sourceTree = "<group>"; };
		F560D304028F1ADA01FC7685 /* PlopView.m */ = {isa = PBXFileReference; lastKnownFileType = sourcecode.c.objc; path = PlopView.m; sourceTree = "<group>"; };
		F560D305028F1ADA01FC7685 /* PlopWindow.m */ = {isa = PBXFileReference; lastKnownFileType = sourcecode.c.objc; path = PlopWindow.m; sourceTree = "<group>"; };
		F560D306028F1ADA01FC7685 /* PlopWindowController.m */ = {isa = PBXFileReference; lastKnownFileType = sourcecode.c.objc; path = PlopWindowController.m; sourceTree = "<group>"; };
		F560D308028F1ADA01FC7685 /* PreferencesPanelController.m */ = {isa = PBXFileReference; lastKnownFileType = sourcecode.c.objc; path = PreferencesPanelController.m; sourceTree = "<group>"; };
		F560D318028F1B1701FC7685 /* PlopFolio.tiff */ = {isa = PBXFileReference; lastKnownFileType = image.tiff; name = PlopFolio.tiff; path = Images/PlopFolio.tiff; sourceTree = "<group>"; };
		F560D31E028F1C5F01FC7685 /* Channel.h */ = {isa = PBXFileReference; lastKnownFileType = sourcecode.c.h; path = Channel.h; sourceTree = "<group>"; };
		F560D31F028F1C5F01FC7685 /* Constants.h */ = {isa = PBXFileReference; lastKnownFileType = sourcecode.c.h; path = Constants.h; sourceTree = "<group>"; };
		F560D320028F1C5F01FC7685 /* Element.h */ = {isa = PBXFileReference; lastKnownFileType = sourcecode.c.h; path = Element.h; sourceTree = "<group>"; };
		F560D321028F1C5F01FC7685 /* ExtendedTableColumn.h */ = {isa = PBXFileReference; lastKnownFileType = sourcecode.c.h; path = ExtendedTableColumn.h; sourceTree = "<group>"; };
		F560D322028F1C5F01FC7685 /* ExtendedTableView.h */ = {isa = PBXFileReference; lastKnownFileType = sourcecode.c.h; path = ExtendedTableView.h; sourceTree = "<group>"; };
		F560D323028F1C5F01FC7685 /* LabelWidget.h */ = {isa = PBXFileReference; lastKnownFileType = sourcecode.c.h; path = LabelWidget.h; sourceTree = "<group>"; };
		F560D324028F1C5F01FC7685 /* NSStringExtensions.h */ = {isa = PBXFileReference; lastKnownFileType = sourcecode.c.h; path = NSStringExtensions.h; sourceTree = "<group>"; };
		F560D325028F1C5F01FC7685 /* Plop.h */ = {isa = PBXFileReference; lastKnownFileType = sourcecode.c.h; path = Plop.h; sourceTree = "<group>"; };
		F560D326028F1C5F01FC7685 /* PlopFolio.h */ = {isa = PBXFileReference; lastKnownFileType = sourcecode.c.h; path = PlopFolio.h; sourceTree = "<group>"; };
		F560D327028F1C5F01FC7685 /* PlopView.h */ = {isa = PBXFileReference; lastKnownFileType = sourcecode.c.h; path = PlopView.h; sourceTree = "<group>"; };
		F560D328028F1C5F01FC7685 /* PlopWindow.h */ = {isa = PBXFileReference; lastKnownFileType = sourcecode.c.h; path = PlopWindow.h; sourceTree = "<group>"; };
		F560D329028F1C5F01FC7685 /* PlopWindowController.h */ = {isa = PBXFileReference; lastKnownFileType = sourcecode.c.h; path = PlopWindowController.h; sourceTree = "<group>"; };
		F560D32B028F1C5F01FC7685 /* PreferencesPanelController.h */ = {isa = PBXFileReference; lastKnownFileType = sourcecode.c.h; path = PreferencesPanelController.h; sourceTree = "<group>"; };
		F560D33B028F1ED801FC7685 /* English */ = {isa = PBXFileReference; lastKnownFileType = wrapper.nib; name = English; path = English.lproj/PreferencesPanel.nib; sourceTree = "<group>"; };
		F560D33D028F22C601FC7685 /* CoreServices.framework */ = {isa = PBXFileReference; lastKnownFileType = wrapper.framework; name = CoreServices.framework; path = /System/Library/Frameworks/CoreServices.framework; sourceTree = "<absolute>"; };
/* End PBXFileReference section */

/* Begin PBXFrameworksBuildPhase section */
		0357A01E1461F9BC00809562 /* Frameworks */ = {
			isa = PBXFrameworksBuildPhase;
			buildActionMask = 2147483647;
			files = (
				0357A01F1461F9BC00809562 /* Cocoa.framework in Frameworks */,
				0357A0201461F9BC00809562 /* CoreServices.framework in Frameworks */,
			);
			runOnlyForDeploymentPostprocessing = 0;
		};
/* End PBXFrameworksBuildPhase section */

/* Begin PBXGroup section */
		080E96DDFE201D6D7F000001 /* Classes */ = {
			isa = PBXGroup;
			children = (
				F560D2FB028F1ADA01FC7685 /* Channel.m */,
				F560D2FC028F1ADA01FC7685 /* Constants.m */,
				F560D2FD028F1ADA01FC7685 /* Element.m */,
				F560D2FE028F1ADA01FC7685 /* ExtendedTableColumn.m */,
				F560D300028F1ADA01FC7685 /* LabelWidget.m */,
				F560D2FF028F1ADA01FC7685 /* ExtendedTableView.m */,
				F560D301028F1ADA01FC7685 /* NSStringExtensions.m */,
				F560D302028F1ADA01FC7685 /* Plop.m */,
				F560D303028F1ADA01FC7685 /* PlopFolio.m */,
				F560D304028F1ADA01FC7685 /* PlopView.m */,
				F560D305028F1ADA01FC7685 /* PlopWindow.m */,
				F560D306028F1ADA01FC7685 /* PlopWindowController.m */,
				F560D308028F1ADA01FC7685 /* PreferencesPanelController.m */,
				F51F11A70291ECD80191E54B /* ConfigureWindowController.m */,
				F53C9DFC0295BAF9019D8799 /* reload.tiff */,
			);
			name = Classes;
			sourceTree = "<group>";
		};
		1058C7A0FEA54F0111CA2CBB /* Linked Frameworks */ = {
			isa = PBXGroup;
			children = (
				1058C7A1FEA54F0111CA2CBB /* Cocoa.framework */,
				F560D33D028F22C601FC7685 /* CoreServices.framework */,
			);
			name = "Linked Frameworks";
			sourceTree = "<group>";
		};
		1058C7A2FEA54F0111CA2CBB /* Other Frameworks */ = {
			isa = PBXGroup;
			children = (
				29B97325FDCFA39411CA2CEA /* Foundation.framework */,
				29B97324FDCFA39411CA2CEA /* AppKit.framework */,
			);
			name = "Other Frameworks";
			sourceTree = "<group>";
		};
		19C28FACFE9D520D11CA2CBB /* Products */ = {
			isa = PBXGroup;
			children = (
				0357A0261461F9BC00809562 /* PlopFolio.app */,
			);
			name = Products;
			sourceTree = "<group>";
		};
		29B97314FDCFA39411CA2CEA /* PlopFolio */ = {
			isa = PBXGroup;
			children = (
				080E96DDFE201D6D7F000001 /* Classes */,
				F560D31D028F1C5F01FC7685 /* Headers */,
				29B97317FDCFA39411CA2CEA /* Resources */,
				29B97323FDCFA39411CA2CEA /* Frameworks */,
				19C28FACFE9D520D11CA2CBB /* Products */,
				0357A0251461F9BC00809562 /* Info-PlopFolio.plist */,
			);
			name = PlopFolio;
			sourceTree = "<group>";
		};
		29B97317FDCFA39411CA2CEA /* Resources */ = {
			isa = PBXGroup;
			children = (
				29B97318FDCFA39411CA2CEA /* MainMenu.nib */,
				F560D33A028F1ED801FC7685 /* PreferencesPanel.nib */,
				F51F11AB0291EDC40191E54B /* ConfigureWindow.nib */,
				089C165CFE840E0CC02AAC07 /* InfoPlist.strings */,
				F560D318028F1B1701FC7685 /* PlopFolio.tiff */,
				F51A78200295D3560179FD10 /* anim1.tiff */,
				F51A78210295D3560179FD10 /* anim2.tiff */,
				F51A78220295D3560179FD10 /* anim3.tiff */,
				F51A78230295D3560179FD10 /* anim4.tiff */,
				F51A78240295D3560179FD10 /* anim5.tiff */,
				F51A78250295D3560179FD10 /* anim6.tiff */,
				F51A78260295D3560179FD10 /* anim7.tiff */,
				F51A78270295D3560179FD10 /* anim8.tiff */,
				F51A78280295D3560179FD10 /* anim9.tiff */,
				F51A78290295D3560179FD10 /* anim10.tiff */,
				F51A782A0295D3560179FD10 /* anim11.tiff */,
				F51B6B9C0296899201697E7E /* anim12.tiff */,
				F51B6B9D0296899201697E7E /* anim13.tiff */,
				F51B6B9E0296899201697E7E /* anim14.tiff */,
				F51B6B9F0296899201697E7E /* anim15.tiff */,
				F51B6BA00296899201697E7E /* anim16.tiff */,
				F51A782B0295D3560179FD10 /* resize.tiff */,
				F51B6BA10296899201697E7E /* stop.tiff */,
			);
			name = Resources;
			sourceTree = "<group>";
		};
		29B97323FDCFA39411CA2CEA /* Frameworks */ = {
			isa = PBXGroup;
			children = (
				1058C7A0FEA54F0111CA2CBB /* Linked Frameworks */,
				1058C7A2FEA54F0111CA2CBB /* Other Frameworks */,
			);
			name = Frameworks;
			sourceTree = "<group>";
		};
		F560D31D028F1C5F01FC7685 /* Headers */ = {
			isa = PBXGroup;
			children = (
				F560D31E028F1C5F01FC7685 /* Channel.h */,
				F560D31F028F1C5F01FC7685 /* Constants.h */,
				F560D320028F1C5F01FC7685 /* Element.h */,
				F560D321028F1C5F01FC7685 /* ExtendedTableColumn.h */,
				F560D322028F1C5F01FC7685 /* ExtendedTableView.h */,
				F560D323028F1C5F01FC7685 /* LabelWidget.h */,
				F560D324028F1C5F01FC7685 /* NSStringExtensions.h */,
				F560D325028F1C5F01FC7685 /* Plop.h */,
				F560D326028F1C5F01FC7685 /* PlopFolio.h */,
				F560D327028F1C5F01FC7685 /* PlopView.h */,
				F560D328028F1C5F01FC7685 /* PlopWindow.h */,
				F560D329028F1C5F01FC7685 /* PlopWindowController.h */,
				F560D32B028F1C5F01FC7685 /* PreferencesPanelController.h */,
				F51F11A80291ECD80191E54B /* ConfigureWindowController.h */,
			);
			name = Headers;
			sourceTree = "<group>";
		};
/* End PBXGroup section */

/* Begin PBXHeadersBuildPhase section */
		03579FE71461F9BC00809562 /* Headers */ = {
			isa = PBXHeadersBuildPhase;
			buildActionMask = 2147483647;
			files = (
				03579FE81461F9BC00809562 /* Channel.h in Headers */,
				03579FE91461F9BC00809562 /* Constants.h in Headers */,
				03579FEA1461F9BC00809562 /* Element.h in Headers */,
				03579FEB1461F9BC00809562 /* ExtendedTableColumn.h in Headers */,
				03579FEC1461F9BC00809562 /* ExtendedTableView.h in Headers */,
				03579FED1461F9BC00809562 /* LabelWidget.h in Headers */,
				03579FEE1461F9BC00809562 /* NSStringExtensions.h in Headers */,
				03579FEF1461F9BC00809562 /* Plop.h in Headers */,
				03579FF01461F9BC00809562 /* PlopFolio.h in Headers */,
				03579FF11461F9BC00809562 /* PlopView.h in Headers */,
				03579FF21461F9BC00809562 /* PlopWindow.h in Headers */,
				03579FF31461F9BC00809562 /* PlopWindowController.h in Headers */,
				03579FF41461F9BC00809562 /* PreferencesPanelController.h in Headers */,
				03579FF51461F9BC00809562 /* ConfigureWindowController.h in Headers */,
			);
			runOnlyForDeploymentPostprocessing = 0;
		};
/* End PBXHeadersBuildPhase section */

/* Begin PBXNativeTarget section */
		03579FE61461F9BC00809562 /* PlopFolio */ = {
			isa = PBXNativeTarget;
			buildConfigurationList = 0357A0211461F9BC00809562 /* Build configuration list for PBXNativeTarget "PlopFolio" */;
			buildPhases = (
				03579FE71461F9BC00809562 /* Headers */,
				03579FF61461F9BC00809562 /* Resources */,
				0357A00F1461F9BC00809562 /* Sources */,
				0357A01E1461F9BC00809562 /* Frameworks */,
			);
			buildRules = (
			);
			dependencies = (
			);
			name = PlopFolio;
			productInstallPath = "$(HOME)/Applications";
			productName = PlopFolio;
			productReference = 0357A0261461F9BC00809562 /* PlopFolio.app */;
			productType = "com.apple.product-type.application";
		};
/* End PBXNativeTarget section */

/* Begin PBXProject section */
		29B97313FDCFA39411CA2CEA /* Project object */ = {
			isa = PBXProject;
			buildConfigurationList = 03579FDB1461F97500809562 /* Build configuration list for PBXProject "PlopFolio" */;
			compatibilityVersion = "Xcode 2.4";
			developmentRegion = English;
			hasScannedForEncodings = 0;
			knownRegions = (
				English,
				Japanese,
				French,
				German,
			);
			mainGroup = 29B97314FDCFA39411CA2CEA /* PlopFolio */;
			projectDirPath = "";
			projectRoot = "";
			targets = (
				03579FE61461F9BC00809562 /* PlopFolio */,
			);
		};
/* End PBXProject section */

/* Begin PBXResourcesBuildPhase section */
		03579FF61461F9BC00809562 /* Resources */ = {
			isa = PBXResourcesBuildPhase;
			buildActionMask = 2147483647;
			files = (
				03579FF71461F9BC00809562 /* MainMenu.nib in Resources */,
				03579FF81461F9BC00809562 /* InfoPlist.strings in Resources */,
				03579FF91461F9BC00809562 /* PlopFolio.tiff in Resources */,
				03579FFA1461F9BC00809562 /* PreferencesPanel.nib in Resources */,
				03579FFB1461F9BC00809562 /* ConfigureWindow.nib in Resources */,
				03579FFC1461F9BC00809562 /* reload.tiff in Resources */,
				03579FFD1461F9BC00809562 /* anim1.tiff in Resources */,
				03579FFE1461F9BC00809562 /* anim2.tiff in Resources */,
				03579FFF1461F9BC00809562 /* anim3.tiff in Resources */,
				0357A0001461F9BC00809562 /* anim4.tiff in Resources */,
				0357A0011461F9BC00809562 /* anim5.tiff in Resources */,
				0357A0021461F9BC00809562 /* anim6.tiff in Resources */,
				0357A0031461F9BC00809562 /* anim7.tiff in Resources */,
				0357A0041461F9BC00809562 /* anim8.tiff in Resources */,
				0357A0051461F9BC00809562 /* anim9.tiff in Resources */,
				0357A0061461F9BC00809562 /* anim10.tiff in Resources */,
				0357A0071461F9BC00809562 /* anim11.tiff in Resources */,
				0357A0081461F9BC00809562 /* resize.tiff in Resources */,
				0357A0091461F9BC00809562 /* anim12.tiff in Resources */,
				0357A00A1461F9BC00809562 /* anim13.tiff in Resources */,
				0357A00B1461F9BC00809562 /* anim14.tiff in Resources */,
				0357A00C1461F9BC00809562 /* anim15.tiff in Resources */,
				0357A00D1461F9BC00809562 /* anim16.tiff in Resources */,
				0357A00E1461F9BC00809562 /* stop.tiff in Resources */,
			);
			runOnlyForDeploymentPostprocessing = 0;
		};
/* End PBXResourcesBuildPhase section */

/* Begin PBXSourcesBuildPhase section */
		0357A00F1461F9BC00809562 /* Sources */ = {
			isa = PBXSourcesBuildPhase;
			buildActionMask = 2147483647;
			files = (
				0357A0101461F9BC00809562 /* Channel.m in Sources */,
				0357A0111461F9BC00809562 /* Constants.m in Sources */,
				0357A0121461F9BC00809562 /* Element.m in Sources */,
				0357A0131461F9BC00809562 /* ExtendedTableColumn.m in Sources */,
				0357A0141461F9BC00809562 /* ExtendedTableView.m in Sources */,
				0357A0151461F9BC00809562 /* LabelWidget.m in Sources */,
				0357A0161461F9BC00809562 /* NSStringExtensions.m in Sources */,
				0357A0171461F9BC00809562 /* Plop.m in Sources */,
				0357A0181461F9BC00809562 /* PlopFolio.m in Sources */,
				0357A0191461F9BC00809562 /* PlopView.m in Sources */,
				0357A01A1461F9BC00809562 /* PlopWindow.m in Sources */,
				0357A01B1461F9BC00809562 /* PlopWindowController.m in Sources */,
				0357A01C1461F9BC00809562 /* PreferencesPanelController.m in Sources */,
				0357A01D1461F9BC00809562 /* ConfigureWindowController.m in Sources */,
			);
			runOnlyForDeploymentPostprocessing = 0;
		};
/* End PBXSourcesBuildPhase section */

/* Begin PBXVariantGroup section */
		089C165CFE840E0CC02AAC07 /* InfoPlist.strings */ = {
			isa = PBXVariantGroup;
			children = (
				089C165DFE840E0CC02AAC07 /* English */,
			);
			name = InfoPlist.strings;
			sourceTree = "<group>";
		};
		29B97318FDCFA39411CA2CEA /* MainMenu.nib */ = {
			isa = PBXVariantGroup;
			children = (
				29B97319FDCFA39411CA2CEA /* English */,
			);
			name = MainMenu.nib;
			sourceTree = "<group>";
		};
		F51F11AB0291EDC40191E54B /* ConfigureWindow.nib */ = {
			isa = PBXVariantGroup;
			children = (
				F51F11AC0291EDC40191E54B /* English */,
			);
			name = ConfigureWindow.nib;
			sourceTree = "<group>";
		};
		F560D33A028F1ED801FC7685 /* PreferencesPanel.nib */ = {
			isa = PBXVariantGroup;
			children = (
				F560D33B028F1ED801FC7685 /* English */,
			);
			name = PreferencesPanel.nib;
			sourceTree = "<group>";
		};
/* End PBXVariantGroup section */

/* Begin XCBuildConfiguration section */
		03579FD51461F97500809562 /* Development */ = {
			isa = XCBuildConfiguration;
			buildSettings = {
			};
			name = Development;
		};
		03579FD61461F97500809562 /* Deployment */ = {
			isa = XCBuildConfiguration;
			buildSettings = {
			};
			name = Deployment;
		};
		03579FD71461F97500809562 /* Default */ = {
			isa = XCBuildConfiguration;
			buildSettings = {
			};
			name = Default;
		};
		0357A0221461F9BC00809562 /* Development */ = {
			isa = XCBuildConfiguration;
			buildSettings = {
				COPY_PHASE_STRIP = NO;
				FRAMEWORK_SEARCH_PATHS = "";
				GCC_DYNAMIC_NO_PIC = NO;
				GCC_ENABLE_FIX_AND_CONTINUE = YES;
				GCC_GENERATE_DEBUGGING_SYMBOLS = YES;
				GCC_OPTIMIZATION_LEVEL = 0;
				GCC_PREPROCESSOR_DEFINITIONS = MACOSX;
				GCC_SYMBOLS_PRIVATE_EXTERN = NO;
				HEADER_SEARCH_PATHS = "";
				INFOPLIST_FILE = "Info-PlopFolio.plist";
				INSTALL_PATH = "$(HOME)/Applications";
				LIBRARY_SEARCH_PATHS = "";
				OTHER_CFLAGS = "";
				OTHER_LDFLAGS = "";
				PRODUCT_NAME = PlopFolio;
				SECTORDER_FLAGS = "";
				WARNING_CFLAGS = (
					"-Wmost",
					"-Wno-four-char-constants",
					"-Wno-unknown-pragmas",
				);
				WRAPPER_EXTENSION = app;
				ZERO_LINK = YES;
			};
			name = Development;
		};
		0357A0231461F9BC00809562 /* Deployment */ = {
			isa = XCBuildConfiguration;
			buildSettings = {
				COPY_PHASE_STRIP = YES;
				FRAMEWORK_SEARCH_PATHS = "";
				GCC_ENABLE_FIX_AND_CONTINUE = NO;
				GCC_PREPROCESSOR_DEFINITIONS = MACOSX;
				GCC_SYMBOLS_PRIVATE_EXTERN = NO;
				HEADER_SEARCH_PATHS = "";
				INFOPLIST_FILE = "Info-PlopFolio.plist";
				INSTALL_PATH = "$(HOME)/Applications";
				LIBRARY_SEARCH_PATHS = "";
				OTHER_CFLAGS = "";
				OTHER_LDFLAGS = "";
				PRODUCT_NAME = PlopFolio;
				SECTORDER_FLAGS = "";
				WARNING_CFLAGS = (
					"-Wmost",
					"-Wno-four-char-constants",
					"-Wno-unknown-pragmas",
				);
				WRAPPER_EXTENSION = app;
				ZERO_LINK = NO;
			};
			name = Deployment;
		};
		0357A0241461F9BC00809562 /* Default */ = {
			isa = XCBuildConfiguration;
			buildSettings = {
				FRAMEWORK_SEARCH_PATHS = "";
				GCC_PREPROCESSOR_DEFINITIONS = MACOSX;
				GCC_SYMBOLS_PRIVATE_EXTERN = NO;
				HEADER_SEARCH_PATHS = "";
				INFOPLIST_FILE = "Info-PlopFolio.plist";
				INSTALL_PATH = "$(HOME)/Applications";
				LIBRARY_SEARCH_PATHS = "";
				OTHER_CFLAGS = "";
				OTHER_LDFLAGS = "";
				PRODUCT_NAME = PlopFolio;
				SECTORDER_FLAGS = "";
				WARNING_CFLAGS = (
					"-Wmost",
					"-Wno-four-char-constants",
					"-Wno-unknown-pragmas",
				);
				WRAPPER_EXTENSION = app;
			};
			name = Default;
		};
/* End XCBuildConfiguration section */

/* Begin XCConfigurationList section */
		03579FDB1461F97500809562 /* Build configuration list for PBXProject "PlopFolio" */ = {
			isa = XCConfigurationList;
			buildConfigurations = (
				03579FD51461F97500809562 /* Development */,
				03579FD61461F97500809562 /* Deployment */,
				03579FD71461F97500809562 /* Default */,
			);
			defaultConfigurationIsVisible = 0;
			defaultConfigurationName = Default;
		};
		0357A0211461F9BC00809562 /* Build configuration list for PBXNativeTarget "PlopFolio" */ = {
			isa = XCConfigurationList;
			buildConfigurations = (
				0357A0221461F9BC00809562 /* Development */,
				0357A0231461F9BC00809562 /* Deployment */,
				0357A0241461F9BC00809562 /* Default */,
			);
			defaultConfigurationIsVisible = 0;
			defaultConfigurationName = Default;
		};
/* End XCConfigurationList section */
	};
	rootObject = 29B97313FDCFA39411CA2CEA /* Project object */;
}
