// !$*UTF8*$!
{
	archiveVersion = 1;
	classes = {
	};
	objectVersion = 42;
	objects = {

/* Begin PBXBuildFile section */
		037CCEE1138BD0B0005255E5 /* GPGPassphrasePanel.h in Headers */ = {isa = PBXBuildFile; fileRef = F53FB352021F044C01174191 /* GPGPassphrasePanel.h */; settings = {ATTRIBUTES = (Public, ); }; };
		037CCEE2138BD0B0005255E5 /* GPGAppKitDefines.h in Headers */ = {isa = PBXBuildFile; fileRef = F53FB35D021F1E0001174191 /* GPGAppKitDefines.h */; settings = {ATTRIBUTES = (Public, ); }; };
		037CCEE3138BD0B0005255E5 /* GPGSingleKeySelectionPanel.h in Headers */ = {isa = PBXBuildFile; fileRef = F55462530221B6FA01219801 /* GPGSingleKeySelectionPanel.h */; settings = {ATTRIBUTES = (Public, ); }; };
		037CCEE4138BD0B0005255E5 /* GPGAppKit.h in Headers */ = {isa = PBXBuildFile; fileRef = F55462570221CA4901219801 /* GPGAppKit.h */; settings = {ATTRIBUTES = (Public, ); }; };
		037CCEE5138BD0B0005255E5 /* GPGMultiKeySelectionPanel.h in Headers */ = {isa = PBXBuildFile; fileRef = F52A64730225542F015CF1E3 /* GPGMultiKeySelectionPanel.h */; settings = {ATTRIBUTES = (Public, ); }; };
		037CCEE6138BD0B0005255E5 /* GPGKeySelectionPanel.h in Headers */ = {isa = PBXBuildFile; fileRef = F52A647702255A3B015CF1E3 /* GPGKeySelectionPanel.h */; settings = {ATTRIBUTES = (Public, ); }; };
		037CCEE7138BD0B0005255E5 /* GPGDummyPanelOwner.h in Headers */ = {isa = PBXBuildFile; fileRef = F58A4EB90252449D01A8102A /* GPGDummyPanelOwner.h */; };
		037CCEE9138BD0B0005255E5 /* InfoPlist.strings in Resources */ = {isa = PBXBuildFile; fileRef = 089C1666FE841158C02AAC07 /* InfoPlist.strings */; };
		037CCEEA138BD0B0005255E5 /* Localizable.strings in Resources */ = {isa = PBXBuildFile; fileRef = F53FB35A021F1D9B01174191 /* Localizable.strings */; };
		037CCEEB138BD0B0005255E5 /* GPGMultiKeySelectionPanel.nib in Resources */ = {isa = PBXBuildFile; fileRef = F58A4EB00252448B01A8102A /* GPGMultiKeySelectionPanel.nib */; };
		037CCEEC138BD0B0005255E5 /* GPGPassphrasePanel.nib in Resources */ = {isa = PBXBuildFile; fileRef = F58A4EB20252448B01A8102A /* GPGPassphrasePanel.nib */; };
		037CCEED138BD0B0005255E5 /* GPGSingleKeySelectionPanel.nib in Resources */ = {isa = PBXBuildFile; fileRef = F58A4EB40252448B01A8102A /* GPGSingleKeySelectionPanel.nib */; };
		037CCEEF138BD0B0005255E5 /* GPGPassphrasePanel.m in Sources */ = {isa = PBXBuildFile; fileRef = F53FB353021F044C01174191 /* GPGPassphrasePanel.m */; };
		037CCEF0138BD0B0005255E5 /* GPGAppKitDefines.m in Sources */ = {isa = PBXBuildFile; fileRef = F53FB35E021F1E0001174191 /* GPGAppKitDefines.m */; };
		037CCEF1138BD0B0005255E5 /* GPGSingleKeySelectionPanel.m in Sources */ = {isa = PBXBuildFile; fileRef = F55462540221B6FA01219801 /* GPGSingleKeySelectionPanel.m */; };
		037CCEF2138BD0B0005255E5 /* GPGMultiKeySelectionPanel.m in Sources */ = {isa = PBXBuildFile; fileRef = F52A64740225542F015CF1E3 /* GPGMultiKeySelectionPanel.m */; };
		037CCEF3138BD0B0005255E5 /* GPGKeySelectionPanel.m in Sources */ = {isa = PBXBuildFile; fileRef = F52A647802255A3B015CF1E3 /* GPGKeySelectionPanel.m */; };
		037CCEF4138BD0B0005255E5 /* GPGDummyPanelOwner.m in Sources */ = {isa = PBXBuildFile; fileRef = F58A4EBA0252449D01A8102A /* GPGDummyPanelOwner.m */; };
		037CCEF6138BD0B0005255E5 /* Cocoa.framework in Frameworks */ = {isa = PBXBuildFile; fileRef = 1058C7B1FEA5585E11CA2CBB /* Cocoa.framework */; };
		037CCEF7138BD0B0005255E5 /* GPGME.framework in Frameworks */ = {isa = PBXBuildFile; fileRef = 7F58BE9B0412747900AB20F3 /* GPGME.framework */; };
/* End PBXBuildFile section */

/* Begin PBXFileReference section */
		037CCEFF138BD0B0005255E5 /* Info-GPGAppKit.plist */ = {isa = PBXFileReference; lastKnownFileType = text.plist.xml; path = "Info-GPGAppKit.plist"; sourceTree = "<group>"; };
		037CCF00138BD0B0005255E5 /* GPGAppKit.framework */ = {isa = PBXFileReference; explicitFileType = wrapper.framework; includeInIndex = 0; path = GPGAppKit.framework; sourceTree = BUILT_PRODUCTS_DIR; };
		0867D69BFE84028FC02AAC07 /* Foundation.framework */ = {isa = PBXFileReference; lastKnownFileType = wrapper.framework; name = Foundation.framework; path = /System/Library/Frameworks/Foundation.framework; sourceTree = "<absolute>"; };
		0867D6A5FE840307C02AAC07 /* AppKit.framework */ = {isa = PBXFileReference; lastKnownFileType = wrapper.framework; name = AppKit.framework; path = /System/Library/Frameworks/AppKit.framework; sourceTree = "<absolute>"; };
		089C1667FE841158C02AAC07 /* English */ = {isa = PBXFileReference; fileEncoding = 10; lastKnownFileType = text.plist.strings; name = English; path = English.lproj/InfoPlist.strings; sourceTree = "<group>"; };
		1058C7B1FEA5585E11CA2CBB /* Cocoa.framework */ = {isa = PBXFileReference; lastKnownFileType = wrapper.framework; name = Cocoa.framework; path = /System/Library/Frameworks/Cocoa.framework; sourceTree = "<absolute>"; };
		7F11B77403E32B700088D5B5 /* French */ = {isa = PBXFileReference; lastKnownFileType = wrapper.nib; name = French; path = French.lproj/GPGMultiKeySelectionPanel.nib; sourceTree = "<group>"; };
		7F11B77503E32B700088D5B5 /* French */ = {isa = PBXFileReference; lastKnownFileType = wrapper.nib; name = French; path = French.lproj/GPGPassphrasePanel.nib; sourceTree = "<group>"; };
		7F11B77603E32B700088D5B5 /* French */ = {isa = PBXFileReference; lastKnownFileType = wrapper.nib; name = French; path = French.lproj/GPGSingleKeySelectionPanel.nib; sourceTree = "<group>"; };
		7F11B77703E32B700088D5B5 /* French */ = {isa = PBXFileReference; lastKnownFileType = text.plist.strings; name = French; path = French.lproj/InfoPlist.strings; sourceTree = "<group>"; };
		7F11B77803E32B700088D5B5 /* French */ = {isa = PBXFileReference; lastKnownFileType = text.plist.strings; name = French; path = French.lproj/Localizable.strings; sourceTree = "<group>"; };
		7F11B77903E32B870088D5B5 /* Italian */ = {isa = PBXFileReference; lastKnownFileType = wrapper.nib; name = Italian; path = Italian.lproj/GPGMultiKeySelectionPanel.nib; sourceTree = "<group>"; };
		7F11B77A03E32B870088D5B5 /* Italian */ = {isa = PBXFileReference; lastKnownFileType = wrapper.nib; name = Italian; path = Italian.lproj/GPGPassphrasePanel.nib; sourceTree = "<group>"; };
		7F11B77B03E32B870088D5B5 /* Italian */ = {isa = PBXFileReference; lastKnownFileType = wrapper.nib; name = Italian; path = Italian.lproj/GPGSingleKeySelectionPanel.nib; sourceTree = "<group>"; };
		7F11B77C03E32B870088D5B5 /* Italian */ = {isa = PBXFileReference; lastKnownFileType = text.plist.strings; name = Italian; path = Italian.lproj/InfoPlist.strings; sourceTree = "<group>"; };
		7F11B77D03E32B870088D5B5 /* Italian */ = {isa = PBXFileReference; lastKnownFileType = text.plist.strings; name = Italian; path = Italian.lproj/Localizable.strings; sourceTree = "<group>"; };
		7F11B77E03E32B9C0088D5B5 /* Spanish */ = {isa = PBXFileReference; lastKnownFileType = wrapper.nib; name = Spanish; path = Spanish.lproj/GPGMultiKeySelectionPanel.nib; sourceTree = "<group>"; };
		7F11B77F03E32B9C0088D5B5 /* Spanish */ = {isa = PBXFileReference; lastKnownFileType = wrapper.nib; name = Spanish; path = Spanish.lproj/GPGPassphrasePanel.nib; sourceTree = "<group>"; };
		7F11B78003E32B9C0088D5B5 /* Spanish */ = {isa = PBXFileReference; lastKnownFileType = wrapper.nib; name = Spanish; path = Spanish.lproj/GPGSingleKeySelectionPanel.nib; sourceTree = "<group>"; };
		7F11B78103E32B9C0088D5B5 /* Spanish */ = {isa = PBXFileReference; lastKnownFileType = text.plist.strings; name = Spanish; path = Spanish.lproj/InfoPlist.strings; sourceTree = "<group>"; };
		7F3521C4049520B8003B311D /* INSTALL */ = {isa = PBXFileReference; fileEncoding = 4; lastKnownFileType = text; path = INSTALL; sourceTree = "<group>"; };
		7F58BE9B0412747900AB20F3 /* GPGME.framework */ = {isa = PBXFileReference; lastKnownFileType = wrapper.framework; name = GPGME.framework; path = ../GPGME/build/GPGME.framework; sourceTree = "<group>"; };
		7F7B957E042B5B1C0028F28B /* Swedish */ = {isa = PBXFileReference; lastKnownFileType = wrapper.nib; name = Swedish; path = Swedish.lproj/GPGMultiKeySelectionPanel.nib; sourceTree = "<group>"; };
		7F7B957F042B5B1C0028F28B /* Swedish */ = {isa = PBXFileReference; lastKnownFileType = wrapper.nib; name = Swedish; path = Swedish.lproj/GPGPassphrasePanel.nib; sourceTree = "<group>"; };
		7F7B9580042B5B1C0028F28B /* Swedish */ = {isa = PBXFileReference; lastKnownFileType = wrapper.nib; name = Swedish; path = Swedish.lproj/GPGSingleKeySelectionPanel.nib; sourceTree = "<group>"; };
		7F7B9581042B5B1C0028F28B /* Swedish */ = {isa = PBXFileReference; lastKnownFileType = text.plist.strings; name = Swedish; path = Swedish.lproj/InfoPlist.strings; sourceTree = "<group>"; };
		7F7B9582042B5B1C0028F28B /* Swedish */ = {isa = PBXFileReference; lastKnownFileType = text.plist.strings; name = Swedish; path = Swedish.lproj/Localizable.strings; sourceTree = "<group>"; };
		F52A646F02254834015CF1E3 /* README */ = {isa = PBXFileReference; fileEncoding = 4; lastKnownFileType = text; path = README; sourceTree = "<group>"; };
		F52A64730225542F015CF1E3 /* GPGMultiKeySelectionPanel.h */ = {isa = PBXFileReference; fileEncoding = 4; lastKnownFileType = sourcecode.c.h; path = GPGMultiKeySelectionPanel.h; sourceTree = "<group>"; };
		F52A64740225542F015CF1E3 /* GPGMultiKeySelectionPanel.m */ = {isa = PBXFileReference; fileEncoding = 4; lastKnownFileType = sourcecode.c.objc; path = GPGMultiKeySelectionPanel.m; sourceTree = "<group>"; };
		F52A647702255A3B015CF1E3 /* GPGKeySelectionPanel.h */ = {isa = PBXFileReference; fileEncoding = 4; lastKnownFileType = sourcecode.c.h; path = GPGKeySelectionPanel.h; sourceTree = "<group>"; };
		F52A647802255A3B015CF1E3 /* GPGKeySelectionPanel.m */ = {isa = PBXFileReference; fileEncoding = 4; lastKnownFileType = sourcecode.c.objc; path = GPGKeySelectionPanel.m; sourceTree = "<group>"; };
		F53FB352021F044C01174191 /* GPGPassphrasePanel.h */ = {isa = PBXFileReference; fileEncoding = 4; lastKnownFileType = sourcecode.c.h; path = GPGPassphrasePanel.h; sourceTree = "<group>"; };
		F53FB353021F044C01174191 /* GPGPassphrasePanel.m */ = {isa = PBXFileReference; fileEncoding = 4; lastKnownFileType = sourcecode.c.objc; path = GPGPassphrasePanel.m; sourceTree = "<group>"; };
		F53FB35B021F1D9B01174191 /* English */ = {isa = PBXFileReference; fileEncoding = 4; lastKnownFileType = text.plist.strings; name = English; path = English.lproj/Localizable.strings; sourceTree = "<group>"; };
		F53FB35D021F1E0001174191 /* GPGAppKitDefines.h */ = {isa = PBXFileReference; fileEncoding = 4; lastKnownFileType = sourcecode.c.h; path = GPGAppKitDefines.h; sourceTree = "<group>"; };
		F53FB35E021F1E0001174191 /* GPGAppKitDefines.m */ = {isa = PBXFileReference; fileEncoding = 4; lastKnownFileType = sourcecode.c.objc; path = GPGAppKitDefines.m; sourceTree = "<group>"; };
		F55462530221B6FA01219801 /* GPGSingleKeySelectionPanel.h */ = {isa = PBXFileReference; fileEncoding = 4; lastKnownFileType = sourcecode.c.h; path = GPGSingleKeySelectionPanel.h; sourceTree = "<group>"; };
		F55462540221B6FA01219801 /* GPGSingleKeySelectionPanel.m */ = {isa = PBXFileReference; fileEncoding = 4; lastKnownFileType = sourcecode.c.objc; path = GPGSingleKeySelectionPanel.m; sourceTree = "<group>"; };
		F55462570221CA4901219801 /* GPGAppKit.h */ = {isa = PBXFileReference; fileEncoding = 4; lastKnownFileType = sourcecode.c.h; path = GPGAppKit.h; sourceTree = "<group>"; };
		F568AC690286D2360128824A /* German */ = {isa = PBXFileReference; fileEncoding = 4; lastKnownFileType = text.plist.strings; name = German; path = German.lproj/Localizable.strings; sourceTree = "<group>"; };
		F568AC6A0286D2360128824A /* German */ = {isa = PBXFileReference; fileEncoding = 4; lastKnownFileType = text.plist.strings; name = German; path = German.lproj/InfoPlist.strings; sourceTree = "<group>"; };
		F568AC6B0286D2360128824A /* German */ = {isa = PBXFileReference; lastKnownFileType = wrapper.nib; name = German; path = German.lproj/GPGMultiKeySelectionPanel.nib; sourceTree = "<group>"; };
		F568AC6C0286D2360128824A /* German */ = {isa = PBXFileReference; lastKnownFileType = wrapper.nib; name = German; path = German.lproj/GPGPassphrasePanel.nib; sourceTree = "<group>"; };
		F568AC6D0286D2360128824A /* German */ = {isa = PBXFileReference; lastKnownFileType = wrapper.nib; name = German; path = German.lproj/GPGSingleKeySelectionPanel.nib; sourceTree = "<group>"; };
		F5770C6F023584060128824A /* Spanish */ = {isa = PBXFileReference; fileEncoding = 4; lastKnownFileType = text.plist.strings; name = Spanish; path = Spanish.lproj/Localizable.strings; sourceTree = "<group>"; };
		F58A4EB10252448B01A8102A /* English */ = {isa = PBXFileReference; lastKnownFileType = wrapper.nib; name = English; path = English.lproj/GPGMultiKeySelectionPanel.nib; sourceTree = "<group>"; };
		F58A4EB30252448B01A8102A /* English */ = {isa = PBXFileReference; lastKnownFileType = wrapper.nib; name = English; path = English.lproj/GPGPassphrasePanel.nib; sourceTree = "<group>"; };
		F58A4EB50252448B01A8102A /* English */ = {isa = PBXFileReference; lastKnownFileType = wrapper.nib; name = English; path = English.lproj/GPGSingleKeySelectionPanel.nib; sourceTree = "<group>"; };
		F58A4EB90252449D01A8102A /* GPGDummyPanelOwner.h */ = {isa = PBXFileReference; fileEncoding = 4; lastKnownFileType = sourcecode.c.h; path = GPGDummyPanelOwner.h; sourceTree = "<group>"; };
		F58A4EBA0252449D01A8102A /* GPGDummyPanelOwner.m */ = {isa = PBXFileReference; fileEncoding = 4; lastKnownFileType = sourcecode.c.objc; path = GPGDummyPanelOwner.m; sourceTree = "<group>"; };
/* End PBXFileReference section */

/* Begin PBXFrameworksBuildPhase section */
		037CCEF5138BD0B0005255E5 /* Frameworks */ = {
			isa = PBXFrameworksBuildPhase;
			buildActionMask = 2147483647;
			files = (
				037CCEF6138BD0B0005255E5 /* Cocoa.framework in Frameworks */,
				037CCEF7138BD0B0005255E5 /* GPGME.framework in Frameworks */,
			);
			runOnlyForDeploymentPostprocessing = 0;
		};
/* End PBXFrameworksBuildPhase section */

/* Begin PBXGroup section */
		034768DFFF38A50411DB9C8B /* Products */ = {
			isa = PBXGroup;
			children = (
				037CCF00138BD0B0005255E5 /* GPGAppKit.framework */,
			);
			name = Products;
			sourceTree = "<group>";
		};
		0867D691FE84028FC02AAC07 /* GPGAppKit */ = {
			isa = PBXGroup;
			children = (
				F52A646F02254834015CF1E3 /* README */,
				7F3521C4049520B8003B311D /* INSTALL */,
				08FB77AEFE84172EC02AAC07 /* Classes */,
				089C1665FE841158C02AAC07 /* Resources */,
				0867D69AFE84028FC02AAC07 /* External Frameworks and Libraries */,
				034768DFFF38A50411DB9C8B /* Products */,
				037CCEFF138BD0B0005255E5 /* Info-GPGAppKit.plist */,
			);
			name = GPGAppKit;
			sourceTree = "<group>";
		};
		0867D69AFE84028FC02AAC07 /* External Frameworks and Libraries */ = {
			isa = PBXGroup;
			children = (
				1058C7B0FEA5585E11CA2CBB /* Linked Frameworks */,
				1058C7B2FEA5585E11CA2CBB /* Other Frameworks */,
			);
			name = "External Frameworks and Libraries";
			sourceTree = "<group>";
		};
		089C1665FE841158C02AAC07 /* Resources */ = {
			isa = PBXGroup;
			children = (
				F53FB35D021F1E0001174191 /* GPGAppKitDefines.h */,
				F53FB35E021F1E0001174191 /* GPGAppKitDefines.m */,
				F53FB35A021F1D9B01174191 /* Localizable.strings */,
				089C1666FE841158C02AAC07 /* InfoPlist.strings */,
				F58A4EB00252448B01A8102A /* GPGMultiKeySelectionPanel.nib */,
				F58A4EB20252448B01A8102A /* GPGPassphrasePanel.nib */,
				F58A4EB40252448B01A8102A /* GPGSingleKeySelectionPanel.nib */,
			);
			name = Resources;
			sourceTree = "<group>";
		};
		08FB77AEFE84172EC02AAC07 /* Classes */ = {
			isa = PBXGroup;
			children = (
				F55462570221CA4901219801 /* GPGAppKit.h */,
				F53FB352021F044C01174191 /* GPGPassphrasePanel.h */,
				F53FB353021F044C01174191 /* GPGPassphrasePanel.m */,
				F52A647702255A3B015CF1E3 /* GPGKeySelectionPanel.h */,
				F52A647802255A3B015CF1E3 /* GPGKeySelectionPanel.m */,
				F55462530221B6FA01219801 /* GPGSingleKeySelectionPanel.h */,
				F55462540221B6FA01219801 /* GPGSingleKeySelectionPanel.m */,
				F52A64730225542F015CF1E3 /* GPGMultiKeySelectionPanel.h */,
				F52A64740225542F015CF1E3 /* GPGMultiKeySelectionPanel.m */,
				F58A4EB90252449D01A8102A /* GPGDummyPanelOwner.h */,
				F58A4EBA0252449D01A8102A /* GPGDummyPanelOwner.m */,
			);
			name = Classes;
			sourceTree = "<group>";
		};
		1058C7B0FEA5585E11CA2CBB /* Linked Frameworks */ = {
			isa = PBXGroup;
			children = (
				1058C7B1FEA5585E11CA2CBB /* Cocoa.framework */,
				7F58BE9B0412747900AB20F3 /* GPGME.framework */,
			);
			name = "Linked Frameworks";
			sourceTree = "<group>";
		};
		1058C7B2FEA5585E11CA2CBB /* Other Frameworks */ = {
			isa = PBXGroup;
			children = (
				0867D69BFE84028FC02AAC07 /* Foundation.framework */,
				0867D6A5FE840307C02AAC07 /* AppKit.framework */,
			);
			name = "Other Frameworks";
			sourceTree = "<group>";
		};
/* End PBXGroup section */

/* Begin PBXHeadersBuildPhase section */
		037CCEE0138BD0B0005255E5 /* Headers */ = {
			isa = PBXHeadersBuildPhase;
			buildActionMask = 2147483647;
			files = (
				037CCEE1138BD0B0005255E5 /* GPGPassphrasePanel.h in Headers */,
				037CCEE2138BD0B0005255E5 /* GPGAppKitDefines.h in Headers */,
				037CCEE3138BD0B0005255E5 /* GPGSingleKeySelectionPanel.h in Headers */,
				037CCEE4138BD0B0005255E5 /* GPGAppKit.h in Headers */,
				037CCEE5138BD0B0005255E5 /* GPGMultiKeySelectionPanel.h in Headers */,
				037CCEE6138BD0B0005255E5 /* GPGKeySelectionPanel.h in Headers */,
				037CCEE7138BD0B0005255E5 /* GPGDummyPanelOwner.h in Headers */,
			);
			runOnlyForDeploymentPostprocessing = 0;
		};
/* End PBXHeadersBuildPhase section */

/* Begin PBXNativeTarget section */
		037CCEDF138BD0B0005255E5 /* GPGAppKit */ = {
			isa = PBXNativeTarget;
			buildConfigurationList = 037CCEF9138BD0B0005255E5 /* Build configuration list for PBXNativeTarget "GPGAppKit" */;
			buildPhases = (
				037CCEE0138BD0B0005255E5 /* Headers */,
				037CCEE8138BD0B0005255E5 /* Resources */,
				037CCEEE138BD0B0005255E5 /* Sources */,
				037CCEF5138BD0B0005255E5 /* Frameworks */,
				037CCEF8138BD0B0005255E5 /* Rez */,
			);
			buildRules = (
			);
			dependencies = (
			);
			name = GPGAppKit;
			productInstallPath = "$(HOME)/Library/Frameworks";
			productName = GPGAppKit;
			productReference = 037CCF00138BD0B0005255E5 /* GPGAppKit.framework */;
			productType = "com.apple.product-type.framework";
		};
/* End PBXNativeTarget section */

/* Begin PBXProject section */
		0867D690FE84028FC02AAC07 /* Project object */ = {
			isa = PBXProject;
			buildConfigurationList = 037CCED9138BD069005255E5 /* Build configuration list for PBXProject "GPGAppKit" */;
			compatibilityVersion = "Xcode 2.4";
			hasScannedForEncodings = 1;
			knownRegions = (
				English,
				Japanese,
				French,
				German,
				Spanish,
				Italian,
				Swedish,
			);
			mainGroup = 0867D691FE84028FC02AAC07 /* GPGAppKit */;
			productRefGroup = 034768DFFF38A50411DB9C8B /* Products */;
			projectDirPath = "";
			projectRoot = "";
			targets = (
				037CCEDF138BD0B0005255E5 /* GPGAppKit */,
			);
		};
/* End PBXProject section */

/* Begin PBXResourcesBuildPhase section */
		037CCEE8138BD0B0005255E5 /* Resources */ = {
			isa = PBXResourcesBuildPhase;
			buildActionMask = 2147483647;
			files = (
				037CCEE9138BD0B0005255E5 /* InfoPlist.strings in Resources */,
				037CCEEA138BD0B0005255E5 /* Localizable.strings in Resources */,
				037CCEEB138BD0B0005255E5 /* GPGMultiKeySelectionPanel.nib in Resources */,
				037CCEEC138BD0B0005255E5 /* GPGPassphrasePanel.nib in Resources */,
				037CCEED138BD0B0005255E5 /* GPGSingleKeySelectionPanel.nib in Resources */,
			);
			runOnlyForDeploymentPostprocessing = 0;
		};
/* End PBXResourcesBuildPhase section */

/* Begin PBXRezBuildPhase section */
		037CCEF8138BD0B0005255E5 /* Rez */ = {
			isa = PBXRezBuildPhase;
			buildActionMask = 2147483647;
			files = (
			);
			runOnlyForDeploymentPostprocessing = 0;
		};
/* End PBXRezBuildPhase section */

/* Begin PBXSourcesBuildPhase section */
		037CCEEE138BD0B0005255E5 /* Sources */ = {
			isa = PBXSourcesBuildPhase;
			buildActionMask = 2147483647;
			files = (
				037CCEEF138BD0B0005255E5 /* GPGPassphrasePanel.m in Sources */,
				037CCEF0138BD0B0005255E5 /* GPGAppKitDefines.m in Sources */,
				037CCEF1138BD0B0005255E5 /* GPGSingleKeySelectionPanel.m in Sources */,
				037CCEF2138BD0B0005255E5 /* GPGMultiKeySelectionPanel.m in Sources */,
				037CCEF3138BD0B0005255E5 /* GPGKeySelectionPanel.m in Sources */,
				037CCEF4138BD0B0005255E5 /* GPGDummyPanelOwner.m in Sources */,
			);
			runOnlyForDeploymentPostprocessing = 0;
		};
/* End PBXSourcesBuildPhase section */

/* Begin PBXVariantGroup section */
		089C1666FE841158C02AAC07 /* InfoPlist.strings */ = {
			isa = PBXVariantGroup;
			children = (
				089C1667FE841158C02AAC07 /* English */,
				F568AC6A0286D2360128824A /* German */,
				7F11B77703E32B700088D5B5 /* French */,
				7F11B77C03E32B870088D5B5 /* Italian */,
				7F11B78103E32B9C0088D5B5 /* Spanish */,
				7F7B9581042B5B1C0028F28B /* Swedish */,
			);
			name = InfoPlist.strings;
			sourceTree = "<group>";
		};
		F53FB35A021F1D9B01174191 /* Localizable.strings */ = {
			isa = PBXVariantGroup;
			children = (
				F53FB35B021F1D9B01174191 /* English */,
				F5770C6F023584060128824A /* Spanish */,
				F568AC690286D2360128824A /* German */,
				7F11B77803E32B700088D5B5 /* French */,
				7F11B77D03E32B870088D5B5 /* Italian */,
				7F7B9582042B5B1C0028F28B /* Swedish */,
			);
			name = Localizable.strings;
			sourceTree = "<group>";
		};
		F58A4EB00252448B01A8102A /* GPGMultiKeySelectionPanel.nib */ = {
			isa = PBXVariantGroup;
			children = (
				F58A4EB10252448B01A8102A /* English */,
				F568AC6B0286D2360128824A /* German */,
				7F11B77403E32B700088D5B5 /* French */,
				7F11B77903E32B870088D5B5 /* Italian */,
				7F11B77E03E32B9C0088D5B5 /* Spanish */,
				7F7B957E042B5B1C0028F28B /* Swedish */,
			);
			name = GPGMultiKeySelectionPanel.nib;
			sourceTree = "<group>";
		};
		F58A4EB20252448B01A8102A /* GPGPassphrasePanel.nib */ = {
			isa = PBXVariantGroup;
			children = (
				F58A4EB30252448B01A8102A /* English */,
				F568AC6C0286D2360128824A /* German */,
				7F11B77503E32B700088D5B5 /* French */,
				7F11B77A03E32B870088D5B5 /* Italian */,
				7F11B77F03E32B9C0088D5B5 /* Spanish */,
				7F7B957F042B5B1C0028F28B /* Swedish */,
			);
			name = GPGPassphrasePanel.nib;
			sourceTree = "<group>";
		};
		F58A4EB40252448B01A8102A /* GPGSingleKeySelectionPanel.nib */ = {
			isa = PBXVariantGroup;
			children = (
				F58A4EB50252448B01A8102A /* English */,
				F568AC6D0286D2360128824A /* German */,
				7F11B77603E32B700088D5B5 /* French */,
				7F11B77B03E32B870088D5B5 /* Italian */,
				7F11B78003E32B9C0088D5B5 /* Spanish */,
				7F7B9580042B5B1C0028F28B /* Swedish */,
			);
			name = GPGSingleKeySelectionPanel.nib;
			sourceTree = "<group>";
		};
/* End PBXVariantGroup section */

/* Begin XCBuildConfiguration section */
		037CCECF138BD069005255E5 /* EmbDevelopment */ = {
			isa = XCBuildConfiguration;
			buildSettings = {
			};
			name = EmbDevelopment;
		};
		037CCED0138BD069005255E5 /* EmbDeployment */ = {
			isa = XCBuildConfiguration;
			buildSettings = {
			};
			name = EmbDeployment;
		};
		037CCED1138BD069005255E5 /* Development */ = {
			isa = XCBuildConfiguration;
			buildSettings = {
			};
			name = Development;
		};
		037CCED2138BD069005255E5 /* Deployment */ = {
			isa = XCBuildConfiguration;
			buildSettings = {
			};
			name = Deployment;
		};
		037CCED3138BD069005255E5 /* Default */ = {
			isa = XCBuildConfiguration;
			buildSettings = {
			};
			name = Default;
		};
		037CCEFA138BD0B0005255E5 /* EmbDevelopment */ = {
			isa = XCBuildConfiguration;
			buildSettings = {
				COPY_PHASE_STRIP = NO;
				DYLIB_COMPATIBILITY_VERSION = 1;
				DYLIB_CURRENT_VERSION = 1;
				FRAMEWORK_SEARCH_PATHS = ../GPGME/build;
				FRAMEWORK_VERSION = A;
				GCC_OPTIMIZATION_LEVEL = 3;
				GCC_SYMBOLS_PRIVATE_EXTERN = NO;
				HEADER_SEARCH_PATHS = "";
				INFOPLIST_FILE = "Info-GPGAppKit.plist";
				INSTALL_PATH = "@executable_path/../Frameworks";
				LIBRARY_SEARCH_PATHS = "";
				OTHER_CFLAGS = "";
				OTHER_LDFLAGS = (
					"-seg1addr",
					0x112000,
				);
				PRODUCT_NAME = GPGAppKit;
				SECTORDER_FLAGS = "";
				SKIP_INSTALL = YES;
				WARNING_CFLAGS = (
					"-Wmost",
					"-Wno-four-char-constants",
					"-Wno-unknown-pragmas",
				);
				WRAPPER_EXTENSION = framework;
			};
			name = EmbDevelopment;
		};
		037CCEFB138BD0B0005255E5 /* EmbDeployment */ = {
			isa = XCBuildConfiguration;
			buildSettings = {
				COPY_PHASE_STRIP = YES;
				DYLIB_COMPATIBILITY_VERSION = 1;
				DYLIB_CURRENT_VERSION = 1;
				FRAMEWORK_SEARCH_PATHS = ../GPGME/build;
				FRAMEWORK_VERSION = A;
				GCC_OPTIMIZATION_LEVEL = 3;
				GCC_SYMBOLS_PRIVATE_EXTERN = NO;
				HEADER_SEARCH_PATHS = "";
				INFOPLIST_FILE = "Info-GPGAppKit.plist";
				INSTALL_PATH = "@executable_path/../Frameworks";
				LIBRARY_SEARCH_PATHS = "";
				OTHER_CFLAGS = "";
				OTHER_LDFLAGS = (
					"-seg1addr",
					0x112000,
				);
				PRODUCT_NAME = GPGAppKit;
				SECTORDER_FLAGS = "";
				SKIP_INSTALL = YES;
				WARNING_CFLAGS = (
					"-Wmost",
					"-Wno-four-char-constants",
					"-Wno-unknown-pragmas",
				);
				WRAPPER_EXTENSION = framework;
			};
			name = EmbDeployment;
		};
		037CCEFC138BD0B0005255E5 /* Development */ = {
			isa = XCBuildConfiguration;
			buildSettings = {
				COPY_PHASE_STRIP = NO;
				DYLIB_COMPATIBILITY_VERSION = 1;
				DYLIB_CURRENT_VERSION = 1;
				FRAMEWORK_SEARCH_PATHS = ../GPGME/build;
				FRAMEWORK_VERSION = A;
				GCC_DYNAMIC_NO_PIC = NO;
				GCC_ENABLE_FIX_AND_CONTINUE = YES;
				GCC_GENERATE_DEBUGGING_SYMBOLS = YES;
				GCC_OPTIMIZATION_LEVEL = 3;
				GCC_SYMBOLS_PRIVATE_EXTERN = NO;
				HEADER_SEARCH_PATHS = "";
				INFOPLIST_FILE = "Info-GPGAppKit.plist";
				INSTALL_PATH = "$(HOME)/Library/Frameworks";
				LIBRARY_SEARCH_PATHS = "";
				OTHER_CFLAGS = "";
				OTHER_LDFLAGS = (
					"-seg1addr",
					0x112000,
				);
				PRODUCT_NAME = GPGAppKit;
				SECTORDER_FLAGS = "";
				WARNING_CFLAGS = (
					"-Wmost",
					"-Wno-four-char-constants",
					"-Wno-unknown-pragmas",
				);
				WRAPPER_EXTENSION = framework;
				ZERO_LINK = YES;
			};
			name = Development;
		};
		037CCEFD138BD0B0005255E5 /* Deployment */ = {
			isa = XCBuildConfiguration;
			buildSettings = {
				COPY_PHASE_STRIP = YES;
				DYLIB_COMPATIBILITY_VERSION = 1;
				DYLIB_CURRENT_VERSION = 1;
				FRAMEWORK_SEARCH_PATHS = ../GPGME/build;
				FRAMEWORK_VERSION = A;
				GCC_ENABLE_FIX_AND_CONTINUE = NO;
				GCC_OPTIMIZATION_LEVEL = 3;
				GCC_SYMBOLS_PRIVATE_EXTERN = NO;
				HEADER_SEARCH_PATHS = "";
				INFOPLIST_FILE = "Info-GPGAppKit.plist";
				INSTALL_PATH = "$(HOME)/Library/Frameworks";
				LIBRARY_SEARCH_PATHS = "";
				OTHER_CFLAGS = "";
				OTHER_LDFLAGS = (
					"-seg1addr",
					0x112000,
				);
				PRODUCT_NAME = GPGAppKit;
				SECTORDER_FLAGS = "";
				WARNING_CFLAGS = (
					"-Wmost",
					"-Wno-four-char-constants",
					"-Wno-unknown-pragmas",
				);
				WRAPPER_EXTENSION = framework;
				ZERO_LINK = NO;
			};
			name = Deployment;
		};
		037CCEFE138BD0B0005255E5 /* Default */ = {
			isa = XCBuildConfiguration;
			buildSettings = {
				DYLIB_COMPATIBILITY_VERSION = 1;
				DYLIB_CURRENT_VERSION = 1;
				FRAMEWORK_SEARCH_PATHS = ../GPGME/build;
				FRAMEWORK_VERSION = A;
				GCC_OPTIMIZATION_LEVEL = 3;
				GCC_SYMBOLS_PRIVATE_EXTERN = NO;
				HEADER_SEARCH_PATHS = "";
				INFOPLIST_FILE = "Info-GPGAppKit.plist";
				INSTALL_PATH = "$(HOME)/Library/Frameworks";
				LIBRARY_SEARCH_PATHS = "";
				OTHER_CFLAGS = "";
				OTHER_LDFLAGS = (
					"-seg1addr",
					0x112000,
				);
				PRODUCT_NAME = GPGAppKit;
				SECTORDER_FLAGS = "";
				WARNING_CFLAGS = (
					"-Wmost",
					"-Wno-four-char-constants",
					"-Wno-unknown-pragmas",
				);
				WRAPPER_EXTENSION = framework;
			};
			name = Default;
		};
/* End XCBuildConfiguration section */

/* Begin XCConfigurationList section */
		037CCED9138BD069005255E5 /* Build configuration list for PBXProject "GPGAppKit" */ = {
			isa = XCConfigurationList;
			buildConfigurations = (
				037CCECF138BD069005255E5 /* EmbDevelopment */,
				037CCED0138BD069005255E5 /* EmbDeployment */,
				037CCED1138BD069005255E5 /* Development */,
				037CCED2138BD069005255E5 /* Deployment */,
				037CCED3138BD069005255E5 /* Default */,
			);
			defaultConfigurationIsVisible = 0;
			defaultConfigurationName = Default;
		};
		037CCEF9138BD0B0005255E5 /* Build configuration list for PBXNativeTarget "GPGAppKit" */ = {
			isa = XCConfigurationList;
			buildConfigurations = (
				037CCEFA138BD0B0005255E5 /* EmbDevelopment */,
				037CCEFB138BD0B0005255E5 /* EmbDeployment */,
				037CCEFC138BD0B0005255E5 /* Development */,
				037CCEFD138BD0B0005255E5 /* Deployment */,
				037CCEFE138BD0B0005255E5 /* Default */,
			);
			defaultConfigurationIsVisible = 0;
			defaultConfigurationName = Default;
		};
/* End XCConfigurationList section */
	};
	rootObject = 0867D690FE84028FC02AAC07 /* Project object */;
}
