--- QemuX.xcode/project.pbxproj.orig	2005-10-07 18:32:43.000000000 -0700
+++ QemuX.xcode/project.pbxproj	2005-10-07 18:33:08.000000000 -0700
@@ -539,9 +539,9 @@
 			isa = PBXFileReference;
 			lastKnownFileType = folder;
 			name = Help;
-			path = /Users/cordney/Sites/dotcom/cordney.com/QemuX/2005/Help;
+			path = "QemuX Help";
 			refType = 0;
-			sourceTree = "<absolute>";
+			sourceTree = "<group>";
 		};
 		D863018108055AEB00E1E6F6 = {
 			fileRef = D863017E08055AEB00E1E6F6;
