--- macstl.xcodeproj/project.pbxproj.orig	2007-08-16 09:04:47.000000000 +0200
+++ macstl.xcodeproj/project.pbxproj	2007-08-16 09:05:12.000000000 +0200
@@ -552,7 +552,6 @@
 			buildPhases = (
 				8D07F2BD0486CC7A007CD1D0 /* Headers */,
 				8D07F2BF0486CC7A007CD1D0 /* Resources */,
-				D8C524450731298C008CB8AF /* ShellScript */,
 			);
 			buildRules = (
 			);
@@ -853,23 +852,6 @@
 		};
 /* End PBXResourcesBuildPhase section */
 
-/* Begin PBXShellScriptBuildPhase section */
-		D8C524450731298C008CB8AF /* ShellScript */ = {
-			isa = PBXShellScriptBuildPhase;
-			buildActionMask = 2147483647;
-			files = (
-			);
-			inputPaths = (
-			);
-			outputPaths = (
-				"$(SYMROOT)/$(PUBLIC_HEADERS_FOLDER_PATH)/impl",
-			);
-			runOnlyForDeploymentPostprocessing = 0;
-			shellPath = /bin/sh;
-			shellScript = "cd \"${SYMROOT}/${PUBLIC_HEADERS_FOLDER_PATH}\"\nln -s ../PrivateHeaders impl";
-		};
-/* End PBXShellScriptBuildPhase section */
-
 /* Begin PBXSourcesBuildPhase section */
 		D807C42607A23B0A003DE6EC /* Sources */ = {
 			isa = PBXSourcesBuildPhase;
