--- arRsync.xcodeproj/project.pbxproj.orig	2006-05-26 00:14:16.000000000 +1000
+++ arRsync.xcodeproj/project.pbxproj	2012-04-07 19:43:59.000000000 +1000
@@ -21,7 +21,7 @@
 		2B1E19BC09C3153B00279970 /* Prefs.tif in Resources */ = {isa = PBXBuildFile; fileRef = 2B1E19B809C3153B00279970 /* Prefs.tif */; };
 		2B1E19BD09C3153B00279970 /* Presets.tif in Resources */ = {isa = PBXBuildFile; fileRef = 2B1E19B909C3153B00279970 /* Presets.tif */; };
 		2B1E19C109C3154500279970 /* ToolbarDelegateCategory.m in Sources */ = {isa = PBXBuildFile; fileRef = 2B1E19BE09C3154500279970 /* ToolbarDelegateCategory.m */; };
-		2B1E1A9E09C32A2900279970 /* PresetController.m in Sources */ = {isa = PBXBuildFile; fileRef = 2B1E1A9C09C32A2900279970 /* PresetController.m */; };
+		2B1E1A9E09C32A2900279970 /* presetController.m in Sources */ = {isa = PBXBuildFile; fileRef = 2B1E1A9C09C32A2900279970 /* presetController.m */; };
 		2B24F34909C9B6E900D5BC6F /* MainMenu.nib in Resources */ = {isa = PBXBuildFile; fileRef = 2B24F34309C9B6E900D5BC6F /* MainMenu.nib */; };
 		2B24F35309C9B8A800D5BC6F /* mainUIController.m in Sources */ = {isa = PBXBuildFile; fileRef = 2B24F35109C9B8A800D5BC6F /* mainUIController.m */; };
 		2B48344C09C38D0000D85B46 /* errorController.m in Sources */ = {isa = PBXBuildFile; fileRef = 2B48344B09C38D0000D85B46 /* errorController.m */; };
@@ -61,7 +61,7 @@
 		2B1DAFA50A010B9700C57654 /* Carbon.framework */ = {isa = PBXFileReference; lastKnownFileType = wrapper.framework; name = Carbon.framework; path = /System/Library/Frameworks/Carbon.framework; sourceTree = "<absolute>"; };
 		2B1DAFBB0A010BA800C57654 /* CoreFoundation.framework */ = {isa = PBXFileReference; lastKnownFileType = wrapper.framework; name = CoreFoundation.framework; path = /System/Library/Frameworks/CoreFoundation.framework; sourceTree = "<absolute>"; };
 		2B1DAFE70A010BC000C57654 /* Security.framework */ = {isa = PBXFileReference; lastKnownFileType = wrapper.framework; name = Security.framework; path = /System/Library/Frameworks/Security.framework; sourceTree = "<absolute>"; };
-		2B1DB3100A010DE700C57654 /* libz.1.2.3.dylib */ = {isa = PBXFileReference; explicitFileType = "compiled.mach-o.dylib"; name = libz.1.2.3.dylib; path = /Developer/SDKs/MacOSX10.4u.sdk/usr/lib/libz.1.2.3.dylib; sourceTree = "<absolute>"; };
+		2B1DB3100A010DE700C57654 /* libz.1.dylib */ = {isa = PBXFileReference; explicitFileType = "compiled.mach-o.dylib"; name = libz.1.dylib; path = /usr/lib/libz.1.dylib; sourceTree = "<absolute>"; };
 		2B1DB41C0A01172E00C57654 /* smartcrashreports.png */ = {isa = PBXFileReference; lastKnownFileType = image.png; path = smartcrashreports.png; sourceTree = "<group>"; };
 		2B1DB6460A0156BD00C57654 /* arRsync.sdef */ = {isa = PBXFileReference; fileEncoding = 30; lastKnownFileType = text.sdef; path = arRsync.sdef; sourceTree = "<group>"; };
 		2B1DB6A70A01659C00C57654 /* scriptController.h */ = {isa = PBXFileReference; fileEncoding = 4; lastKnownFileType = sourcecode.c.h; path = scriptController.h; sourceTree = "<group>"; };
@@ -72,8 +72,8 @@
 		2B1E19B909C3153B00279970 /* Presets.tif */ = {isa = PBXFileReference; lastKnownFileType = image.tiff; path = Presets.tif; sourceTree = "<group>"; };
 		2B1E19BE09C3154500279970 /* ToolbarDelegateCategory.m */ = {isa = PBXFileReference; fileEncoding = 30; lastKnownFileType = sourcecode.c.objc; path = ToolbarDelegateCategory.m; sourceTree = "<group>"; };
 		2B1E19BF09C3154500279970 /* ToolbarDelegateCategory.h */ = {isa = PBXFileReference; fileEncoding = 30; lastKnownFileType = sourcecode.c.h; path = ToolbarDelegateCategory.h; sourceTree = "<group>"; };
-		2B1E1A9B09C32A2900279970 /* PresetController.h */ = {isa = PBXFileReference; fileEncoding = 4; lastKnownFileType = sourcecode.c.h; path = PresetController.h; sourceTree = "<group>"; };
-		2B1E1A9C09C32A2900279970 /* PresetController.m */ = {isa = PBXFileReference; fileEncoding = 4; lastKnownFileType = sourcecode.c.objc; path = PresetController.m; sourceTree = "<group>"; };
+		2B1E1A9B09C32A2900279970 /* presetController.h */ = {isa = PBXFileReference; fileEncoding = 4; lastKnownFileType = sourcecode.c.h; path = presetController.h; sourceTree = "<group>"; };
+		2B1E1A9C09C32A2900279970 /* presetController.m */ = {isa = PBXFileReference; fileEncoding = 4; lastKnownFileType = sourcecode.c.objc; path = presetController.m; sourceTree = "<group>"; };
 		2B24F34409C9B6E900D5BC6F /* English */ = {isa = PBXFileReference; lastKnownFileType = wrapper.nib; name = English; path = English.lproj/MainMenu.nib; sourceTree = "<group>"; };
 		2B24F35109C9B8A800D5BC6F /* mainUIController.m */ = {isa = PBXFileReference; fileEncoding = 30; lastKnownFileType = sourcecode.c.objc; path = mainUIController.m; sourceTree = "<group>"; };
 		2B24F35209C9B8A800D5BC6F /* mainUIController.h */ = {isa = PBXFileReference; fileEncoding = 30; lastKnownFileType = sourcecode.c.h; path = mainUIController.h; sourceTree = "<group>"; };
@@ -108,8 +108,8 @@
 		080E96DDFE201D6D7F000001 /* Classes */ = {
 			isa = PBXGroup;
 			children = (
-				2B1E1A9B09C32A2900279970 /* PresetController.h */,
-				2B1E1A9C09C32A2900279970 /* PresetController.m */,
+				2B1E1A9B09C32A2900279970 /* presetController.h */,
+				2B1E1A9C09C32A2900279970 /* presetController.m */,
 				2B1E19BE09C3154500279970 /* ToolbarDelegateCategory.m */,
 				2B1E19BF09C3154500279970 /* ToolbarDelegateCategory.h */,
 				2B48344A09C38D0000D85B46 /* errorController.h */,
@@ -277,7 +277,7 @@
 			files = (
 				8D11072D0486CEB800E47090 /* main.m in Sources */,
 				2B1E19C109C3154500279970 /* ToolbarDelegateCategory.m in Sources */,
-				2B1E1A9E09C32A2900279970 /* PresetController.m in Sources */,
+				2B1E1A9E09C32A2900279970 /* presetController.m in Sources */,
 				2B48344C09C38D0000D85B46 /* errorController.m in Sources */,
 				2B55406E09C437E1006D6329 /* rsyncController.m in Sources */,
 				2B24F35309C9B8A800D5BC6F /* mainUIController.m in Sources */,
@@ -321,7 +321,6 @@
 				INSTALL_PATH = "$(HOME)/Applications";
 				LIBRARY_SEARCH_PATHS = (
 					"$(LIBRARY_SEARCH_PATHS)",
-					"$(SYSTEM_DEVELOPER_DIR)/SDKs/MacOSX10.4u.sdk/usr/lib",
 				);
 				PRODUCT_NAME = Blackbeard;
 				VERSIONING_SYSTEM = "";
@@ -333,10 +332,6 @@
 		C01FCF4C08A954540054247B /* Release */ = {
 			isa = XCBuildConfiguration;
 			buildSettings = {
-				ARCHS = (
-					ppc,
-					i386,
-				);
 				GCC_GENERATE_DEBUGGING_SYMBOLS = NO;
 				GCC_MODEL_TUNING = G4;
 				GCC_OPTIMIZATION_LEVEL = 2;
@@ -344,7 +339,6 @@
 				INSTALL_PATH = "$(HOME)/Applications";
 				LIBRARY_SEARCH_PATHS = (
 					"$(LIBRARY_SEARCH_PATHS)",
-					"$(SYSTEM_DEVELOPER_DIR)/SDKs/MacOSX10.4u.sdk/usr/lib",
 				);
 				PRODUCT_NAME = arRsync;
 				VERSIONING_SYSTEM = "";
@@ -359,7 +353,6 @@
 				GCC_WARN_ABOUT_RETURN_TYPE = YES;
 				GCC_WARN_UNUSED_VARIABLE = YES;
 				PREBINDING = NO;
-				SDKROOT = /Developer/SDKs/MacOSX10.4u.sdk;
 			};
 			name = Debug;
 		};
@@ -369,7 +362,6 @@
 				GCC_WARN_ABOUT_RETURN_TYPE = YES;
 				GCC_WARN_UNUSED_VARIABLE = YES;
 				PREBINDING = NO;
-				SDKROOT = /Developer/SDKs/MacOSX10.4u.sdk;
 			};
 			name = Release;
 		};
