--- arRsync.xcodeproj/project.pbxproj.orig	2010-02-27 18:11:40.000000000 -0800
+++ arRsync.xcodeproj/project.pbxproj	2010-02-27 18:12:39.000000000 -0800
@@ -321,7 +321,6 @@
 				INSTALL_PATH = "$(HOME)/Applications";
 				LIBRARY_SEARCH_PATHS = (
 					"$(LIBRARY_SEARCH_PATHS)",
-					"$(SYSTEM_DEVELOPER_DIR)/SDKs/MacOSX10.4u.sdk/usr/lib",
 				);
 				PRODUCT_NAME = Blackbeard;
 				VERSIONING_SYSTEM = "";
@@ -344,7 +343,6 @@
 				INSTALL_PATH = "$(HOME)/Applications";
 				LIBRARY_SEARCH_PATHS = (
 					"$(LIBRARY_SEARCH_PATHS)",
-					"$(SYSTEM_DEVELOPER_DIR)/SDKs/MacOSX10.4u.sdk/usr/lib",
 				);
 				PRODUCT_NAME = arRsync;
 				VERSIONING_SYSTEM = "";
