--- Fugu.pbproj/project.pbxproj.orig	2005-10-07 09:46:05.000000000 +0200
+++ Fugu.pbproj/project.pbxproj	2005-10-07 09:45:40.000000000 +0200
@@ -1808,7 +1808,7 @@
 			isa = PBXFileReference;
 			lastKnownFileType = "compiled.mach-o.executable";
 			name = externaleditor;
-			path = build/externaleditor;
+			path = build/Deployment/externaleditor;
 			refType = 4;
 			sourceTree = "<group>";
 		};
