--- Cenon.xcodeproj/project.pbxproj.old	2007-11-03 20:50:49.000000000 -0700
+++ Cenon.xcodeproj/project.pbxproj	2007-11-03 20:56:41.000000000 -0700
@@ -15,8 +15,6 @@
 		560A31820B453B4700CE10BC /* vhfCommonFunctions.h in Headers */ = {isa = PBXBuildFile; fileRef = 011128D801AD58747F000001 /* vhfCommonFunctions.h */; };
 		560A31830B453B4B00CE10BC /* vhfCommonFunctions.m in Sources */ = {isa = PBXBuildFile; fileRef = F51F46E403114B8301000048 /* vhfCommonFunctions.m */; };
 		5613C9DA0C4A3D0B00994591 /* 2007.txt in Resources */ = {isa = PBXBuildFile; fileRef = 5613C9D90C4A3D0B00994591 /* 2007.txt */; };
-		5613CAB50C4A6DDF00994591 /* ToDo.rtf in Resources */ = {isa = PBXBuildFile; fileRef = 5613CAB40C4A6DDF00994591 /* ToDo.rtf */; };
-		5613CAB70C4A6E0D00994591 /* ToDoMac.rtf in Resources */ = {isa = PBXBuildFile; fileRef = 5613CAB60C4A6E0D00994591 /* ToDoMac.rtf */; };
 		5613D0380C4FC61B00994591 /* README in Resources */ = {isa = PBXBuildFile; fileRef = 5613D0370C4FC61B00994591 /* README */; };
 		56158A350997B6F7003130B4 /* App.h in Headers */ = {isa = PBXBuildFile; fileRef = 011128C001AD58747F000001 /* App.h */; };
 		56158A360997B6F7003130B4 /* debug.h in Headers */ = {isa = PBXBuildFile; fileRef = 011128C201AD58747F000001 /* debug.h */; };
@@ -928,8 +926,6 @@
 		560A304C0B29CED100CE10BC /* tpRotate.tiff */ = {isa = PBXFileReference; lastKnownFileType = image.tiff; name = tpRotate.tiff; path = Icons/tpRotate.tiff; sourceTree = "<group>"; };
 		560A304D0B29CED100CE10BC /* tpScale.tiff */ = {isa = PBXFileReference; lastKnownFileType = image.tiff; name = tpScale.tiff; path = Icons/tpScale.tiff; sourceTree = "<group>"; };
 		5613C9D90C4A3D0B00994591 /* 2007.txt */ = {isa = PBXFileReference; fileEncoding = 30; lastKnownFileType = text; name = 2007.txt; path = ChangeLog/2007.txt; sourceTree = "<group>"; };
-		5613CAB40C4A6DDF00994591 /* ToDo.rtf */ = {isa = PBXFileReference; lastKnownFileType = text.rtf; path = ToDo.rtf; sourceTree = "<group>"; };
-		5613CAB60C4A6E0D00994591 /* ToDoMac.rtf */ = {isa = PBXFileReference; lastKnownFileType = text.rtf; path = ToDoMac.rtf; sourceTree = "<group>"; };
 		5613D0370C4FC61B00994591 /* README */ = {isa = PBXFileReference; fileEncoding = 30; lastKnownFileType = text; path = README; sourceTree = "<group>"; };
 		56158BF00997B6F7003130B4 /* Info-Cenon__Application.plist */ = {isa = PBXFileReference; lastKnownFileType = text.xml; path = "Info-Cenon__Application.plist"; sourceTree = "<group>"; };
 		56158BF10997B6F8003130B4 /* Cenon.app */ = {isa = PBXFileReference; explicitFileType = wrapper.application; includeInIndex = 0; path = Cenon.app; sourceTree = BUILT_PRODUCTS_DIR; };
@@ -1392,8 +1388,6 @@
 				F54C7C28042A53C501000049 /* LICENSE */,
 				F54C7C2A042A53CF01000049 /* NEWS */,
 				5613D0370C4FC61B00994591 /* README */,
-				5613CAB40C4A6DDF00994591 /* ToDo.rtf */,
-				5613CAB60C4A6E0D00994591 /* ToDoMac.rtf */,
 				5613C9D90C4A3D0B00994591 /* 2007.txt */,
 			);
 			name = "Supporting Files";
@@ -2515,8 +2509,6 @@
 				560A30510B29CED100CE10BC /* tpRotate.tiff in Resources */,
 				560A30520B29CED100CE10BC /* tpScale.tiff in Resources */,
 				5613C9DA0C4A3D0B00994591 /* 2007.txt in Resources */,
-				5613CAB50C4A6DDF00994591 /* ToDo.rtf in Resources */,
-				5613CAB70C4A6E0D00994591 /* ToDoMac.rtf in Resources */,
 				5613D0380C4FC61B00994591 /* README in Resources */,
 			);
 			runOnlyForDeploymentPostprocessing = 0;
@@ -2613,18 +2605,6 @@
 		};
 /* End PBXRezBuildPhase section */
 
-/* Begin PBXShellScriptBuildPhase section */
-		56158BEB0997B6F7003130B4 /* ShellScript */ = {
-			isa = PBXShellScriptBuildPhase;
-			buildActionMask = 12;
-			files = (
-			);
-			runOnlyForDeploymentPostprocessing = 0;
-			shellPath = /bin/sh;
-			shellScript = ../buildShip.sh;
-		};
-/* End PBXShellScriptBuildPhase section */
-
 /* Begin PBXSourcesBuildPhase section */
 		56158B4D0997B6F7003130B4 /* Sources */ = {
 			isa = PBXSourcesBuildPhase;
