--- Cenon.pbproj/project.pbxproj.orig	2005-12-09 08:03:02.000000000 -0800
+++ Cenon.pbproj/project.pbxproj	2005-12-22 23:42:41.000000000 -0800
@@ -8029,15 +8029,6 @@
 			settings = {
 			};
 		};
-		F51FDB7C0201E33F01000048 = {
-			buildActionMask = 12;
-			files = (
-			);
-			isa = PBXShellScriptBuildPhase;
-			runOnlyForDeploymentPostprocessing = 0;
-			shellPath = /bin/sh;
-			shellScript = ../buildShip.sh;
-		};
 		F51FDB7D0201ED4F01000048 = {
 			explicitFileType = wrapper.framework;
 			isa = PBXFileReference;
@@ -8768,7 +8759,7 @@
 			isa = PBXFileReference;
 			lastKnownFileType = wrapper.framework;
 			name = VHFImport.framework;
-			path = build/VHFImport.framework;
+			path = build/Deployment/VHFImport.framework;
 			refType = 4;
 			sourceTree = "<group>";
 		};
@@ -9055,7 +9046,7 @@
 			isa = PBXFileReference;
 			lastKnownFileType = wrapper.framework;
 			name = VHFExport.framework;
-			path = build/VHFExport.framework;
+			path = build/Deployment/VHFExport.framework;
 			refType = 4;
 			sourceTree = "<group>";
 		};
