--- Cenon.xcodeproj/project.pbxproj	2006-12-29 04:10:14.000000000 -0800
+++ Cenon.xcodeproj/project.pbxproj.new	2007-05-28 18:43:55.000000000 -0700
@@ -2758,18 +2758,6 @@
 		};
 /* End PBXRezBuildPhase section */
 
-/* Begin PBXShellScriptBuildPhase section */
-		56158BEB0997B6F7003130B4 /* ShellScript */ = {
-			isa = PBXShellScriptBuildPhase;
-			buildActionMask = 12;
-			files = (
-			);
-			runOnlyForDeploymentPostprocessing = 0;
-			shellPath = /bin/sh;
-			shellScript = ../buildShip.sh;
-		};
-/* End PBXShellScriptBuildPhase section */
-
 /* Begin PBXSourcesBuildPhase section */
 		56158B4D0997B6F7003130B4 /* Sources */ = {
 			isa = PBXSourcesBuildPhase;
