--- DNSUpdate2.pbproj/project.pbxproj.org	2006-03-11 18:12:25.000000000 -0800
+++ DNSUpdate2.pbproj/project.pbxproj	2006-03-11 18:13:26.000000000 -0800
@@ -1851,7 +1851,7 @@
 			);
 			runOnlyForDeploymentPostprocessing = 0;
 			shellPath = /bin/sh;
-			shellScript = "cd $SRCROOT/StartupItem\n\n/usr/bin/tar czf $BUILD_ROOT/DNSUpdate.app/Contents/Resources/StartupItem.tgz *";
+			shellScript = "cd $SRCROOT/StartupItem\n\n/usr/bin/tar czf $BUILD_ROOT/Deployment/DNSUpdate.app/Contents/Resources/StartupItem.tgz *";
 		};
 		F5C6013D018410AB01845059 = {
 			children = (
