--- Fire.xcode/project.pbxproj.orig	2005-01-24 00:02:12.000000000 -0500
+++ Fire.xcode/project.pbxproj	2005-04-03 19:00:29.000000000 -0400
@@ -8805,7 +8805,7 @@
 			);
 			runOnlyForDeploymentPostprocessing = 0;
 			shellPath = /bin/sh;
-			shellScript = "/Developer/Tools/sdp -f s -i /Developer/Examples/Scripting\\ Definitions/NSCoreSuite.sdef Fire.sdef\n/Developer/Tools/sdp -f t -i /Developer/Examples/Scripting\\ Definitions/NSCoreSuite.sdef Fire.sdef";
+			shellScript = "export PATH=/usr/bin:/Developer/Tools\nsdp -f s -i /Developer/Examples/Scripting\\ Definitions/NSCoreSuite.sdef Fire.sdef\nsdp -f t -i /Developer/Examples/Scripting\\ Definitions/NSCoreSuite.sdef Fire.sdef";
 		};
 		F52641AB0314D42701A8001E = {
 			fileEncoding = 30;
@@ -15205,7 +15205,7 @@
 				INFOPLIST_FILE = "TargetPlists/Info-MSN__Bundle___Upgraded_.plist";
 				LIBRARY_SEARCH_PATHS = MSN;
 				OTHER_CFLAGS = "";
-				OTHER_LDFLAGS = "-bundle -undefined suppress -flat_namespace /usr/lib/libcurl.a";
+				OTHER_LDFLAGS = "-bundle -undefined suppress -flat_namespace -lcurl";
 				OTHER_REZFLAGS = "";
 				PRODUCT_NAME = MSN;
 				SECTORDER_FLAGS = "";
