--- Adium.xcode/project.pbxproj.orig	2005-02-18 02:34:42.000000000 -0500
+++ Adium.xcode/project.pbxproj	2005-04-03 20:15:08.000000000 -0400
@@ -9719,12 +9719,12 @@
 				DEBUGGING_SYMBOLS = YES;
 				GCC_ALTIVEC_EXTENSIONS = YES;
 				GCC_DEBUGGING_SYMBOLS = full;
-				GCC_DYNAMIC_NO_PIC = YES;
+				GCC_DYNAMIC_NO_PIC = NO;
 				GCC_ENABLE_FIX_AND_CONTINUE = NO;
 				GCC_ENABLE_OBJC_EXCEPTIONS = NO;
 				GCC_OPTIMIZATION_LEVEL = s;
 				MACOSX_DEPLOYMENT_TARGET = 10.2;
-				OTHER_CFLAGS = "-DCRASH_REPORTER -DADIUM_COMPONENTS";
+				OTHER_CFLAGS = "-DCRASH_REPORTER -DADIUM_COMPONENTS -maltivec";
 				ZERO_LINK = NO;
 			};
 			isa = PBXBuildStyle;
